// !$*UTF8*$!
{
	archiveVersion = 1;
	classes = {
	};
	objectVersion = 52;
	objects = {

/* Begin PBXBuildFile section */
		DC56EC5624C688A5004613CE /* SwiftUI_KickoffApp.swift in Sources */ = {isa = PBXBuildFile; fileRef = DC56EC5524C688A5004613CE /* SwiftUI_KickoffApp.swift */; };
		DC56EC5A24C688A7004613CE /* Assets.xcassets in Resources */ = {isa = PBXBuildFile; fileRef = DC56EC5924C688A7004613CE /* Assets.xcassets */; };
		DC56EC5D24C688A7004613CE /* Preview Assets.xcassets in Resources */ = {isa = PBXBuildFile; fileRef = DC56EC5C24C688A7004613CE /* Preview Assets.xcassets */; };
		DC56EC6824C688A7004613CE /* SwiftUI_KickoffTests.swift in Sources */ = {isa = PBXBuildFile; fileRef = DC56EC6724C688A7004613CE /* SwiftUI_KickoffTests.swift */; };
		DC56EC7324C688A7004613CE /* SwiftUI_KickoffUITests.swift in Sources */ = {isa = PBXBuildFile; fileRef = DC56EC7224C688A7004613CE /* SwiftUI_KickoffUITests.swift */; };
		DC56EC8724C688BA004613CE /* SwiftUI_Kickoff_MacApp.swift in Sources */ = {isa = PBXBuildFile; fileRef = DC56EC8624C688BA004613CE /* SwiftUI_Kickoff_MacApp.swift */; };
		DC56EC8924C688BA004613CE /* ContentView.swift in Sources */ = {isa = PBXBuildFile; fileRef = DC56EC8824C688BA004613CE /* ContentView.swift */; };
		DC56EC8B24C688BB004613CE /* Assets.xcassets in Resources */ = {isa = PBXBuildFile; fileRef = DC56EC8A24C688BB004613CE /* Assets.xcassets */; };
		DC56EC8E24C688BB004613CE /* Preview Assets.xcassets in Resources */ = {isa = PBXBuildFile; fileRef = DC56EC8D24C688BB004613CE /* Preview Assets.xcassets */; };
		DC56EC9A24C688BB004613CE /* SwiftUI_Kickoff_MacTests.swift in Sources */ = {isa = PBXBuildFile; fileRef = DC56EC9924C688BB004613CE /* SwiftUI_Kickoff_MacTests.swift */; };
		DC56ECA524C688BB004613CE /* SwiftUI_Kickoff_MacUITests.swift in Sources */ = {isa = PBXBuildFile; fileRef = DC56ECA424C688BB004613CE /* SwiftUI_Kickoff_MacUITests.swift */; };
		DC56ECB224C688DB004613CE /* Poet in Frameworks */ = {isa = PBXBuildFile; productRef = DC56ECB124C688DB004613CE /* Poet */; };
		DC56ECBA24C6894A004613CE /* ActionEvaluating+Breadcrumbing.swift in Sources */ = {isa = PBXBuildFile; fileRef = DC56ECB724C68949004613CE /* ActionEvaluating+Breadcrumbing.swift */; };
		DC56ECBB24C6894A004613CE /* ActionEvaluating+Breadcrumbing.swift in Sources */ = {isa = PBXBuildFile; fileRef = DC56ECB724C68949004613CE /* ActionEvaluating+Breadcrumbing.swift */; };
		DC56ECBC24C6894A004613CE /* NamedAction.swift in Sources */ = {isa = PBXBuildFile; fileRef = DC56ECB824C68949004613CE /* NamedAction.swift */; };
		DC56ECBD24C6894A004613CE /* NamedAction.swift in Sources */ = {isa = PBXBuildFile; fileRef = DC56ECB824C68949004613CE /* NamedAction.swift */; };
		DC56ECBE24C6894A004613CE /* EvaluatorElement.swift in Sources */ = {isa = PBXBuildFile; fileRef = DC56ECB924C68949004613CE /* EvaluatorElement.swift */; };
		DC56ECBF24C6894A004613CE /* EvaluatorElement.swift in Sources */ = {isa = PBXBuildFile; fileRef = DC56ECB924C68949004613CE /* EvaluatorElement.swift */; };
		DC56ECC624C68982004613CE /* Assets.xcassets in Resources */ = {isa = PBXBuildFile; fileRef = DC56EC5924C688A7004613CE /* Assets.xcassets */; };
		DC56ECDB24C68A02004613CE /* CircleButton.swift in Sources */ = {isa = PBXBuildFile; fileRef = DC56ECD324C689FC004613CE /* CircleButton.swift */; };
		DC56ECDC24C68A02004613CE /* UndoRedoExample_Evaluator.swift in Sources */ = {isa = PBXBuildFile; fileRef = DC56ECD924C689FD004613CE /* UndoRedoExample_Evaluator.swift */; };
		DC56ECDD24C68A02004613CE /* TextFieldExample_ViewModel.swift in Sources */ = {isa = PBXBuildFile; fileRef = DC56ECD824C689FD004613CE /* TextFieldExample_ViewModel.swift */; };
		DC56ECDE24C68A02004613CE /* RetailScreen.swift in Sources */ = {isa = PBXBuildFile; fileRef = DC56ECCA24C689FB004613CE /* RetailScreen.swift */; };
		DC56ECDF24C68A02004613CE /* UndoRedoExample_Screen.swift in Sources */ = {isa = PBXBuildFile; fileRef = DC56ECDA24C689FD004613CE /* UndoRedoExample_Screen.swift */; };
		DC56ECE024C68A02004613CE /* RetailEvaluator.swift in Sources */ = {isa = PBXBuildFile; fileRef = DC56ECD224C689FC004613CE /* RetailEvaluator.swift */; };
		DC56ECE124C68A02004613CE /* ObservingExample_ViewModel.swift in Sources */ = {isa = PBXBuildFile; fileRef = DC56ECCD24C689FC004613CE /* ObservingExample_ViewModel.swift */; };
		DC56ECE224C68A02004613CE /* PassablesExample_Screen.swift in Sources */ = {isa = PBXBuildFile; fileRef = DC56ECD524C689FC004613CE /* PassablesExample_Screen.swift */; };
		DC56ECE324C68A02004613CE /* Retail-PageViewMaker.swift in Sources */ = {isa = PBXBuildFile; fileRef = DC56ECD424C689FC004613CE /* Retail-PageViewMaker.swift */; };
		DC56ECE424C68A02004613CE /* RetailTranslator.swift in Sources */ = {isa = PBXBuildFile; fileRef = DC56ECD124C689FC004613CE /* RetailTranslator.swift */; };
		DC56ECE524C68A02004613CE /* UndoRedoView.swift in Sources */ = {isa = PBXBuildFile; fileRef = DC56ECD024C689FC004613CE /* UndoRedoView.swift */; };
		DC56ECE624C68A02004613CE /* ObservingExample_Screen.swift in Sources */ = {isa = PBXBuildFile; fileRef = DC56ECCB24C689FC004613CE /* ObservingExample_Screen.swift */; };
		DC56ECE724C68A02004613CE /* TextFieldExample_Screen.swift in Sources */ = {isa = PBXBuildFile; fileRef = DC56ECCE24C689FC004613CE /* TextFieldExample_Screen.swift */; };
		DC56ECE824C68A02004613CE /* MenuScreen.swift in Sources */ = {isa = PBXBuildFile; fileRef = DC56ECD724C689FC004613CE /* MenuScreen.swift */; };
		DC56ECE924C68A02004613CE /* EvaluatingTextField.swift in Sources */ = {isa = PBXBuildFile; fileRef = DC56ECD624C689FC004613CE /* EvaluatingTextField.swift */; };
		DC56ECEA24C68A02004613CE /* PassablesExample_ViewModel.swift in Sources */ = {isa = PBXBuildFile; fileRef = DC56ECCC24C689FC004613CE /* PassablesExample_ViewModel.swift */; };
		DC56ECEB24C68A02004613CE /* UndoRedoExample_Translator.swift in Sources */ = {isa = PBXBuildFile; fileRef = DC56ECCF24C689FC004613CE /* UndoRedoExample_Translator.swift */; };
		DC56ECEC24C68A03004613CE /* CircleButton.swift in Sources */ = {isa = PBXBuildFile; fileRef = DC56ECD324C689FC004613CE /* CircleButton.swift */; };
		DC56ECED24C68A03004613CE /* UndoRedoExample_Evaluator.swift in Sources */ = {isa = PBXBuildFile; fileRef = DC56ECD924C689FD004613CE /* UndoRedoExample_Evaluator.swift */; };
		DC56ECEE24C68A03004613CE /* TextFieldExample_ViewModel.swift in Sources */ = {isa = PBXBuildFile; fileRef = DC56ECD824C689FD004613CE /* TextFieldExample_ViewModel.swift */; };
		DC56ECEF24C68A03004613CE /* RetailScreen.swift in Sources */ = {isa = PBXBuildFile; fileRef = DC56ECCA24C689FB004613CE /* RetailScreen.swift */; };
		DC56ECF024C68A03004613CE /* UndoRedoExample_Screen.swift in Sources */ = {isa = PBXBuildFile; fileRef = DC56ECDA24C689FD004613CE /* UndoRedoExample_Screen.swift */; };
		DC56ECF124C68A03004613CE /* RetailEvaluator.swift in Sources */ = {isa = PBXBuildFile; fileRef = DC56ECD224C689FC004613CE /* RetailEvaluator.swift */; };
		DC56ECF224C68A03004613CE /* ObservingExample_ViewModel.swift in Sources */ = {isa = PBXBuildFile; fileRef = DC56ECCD24C689FC004613CE /* ObservingExample_ViewModel.swift */; };
		DC56ECF324C68A03004613CE /* PassablesExample_Screen.swift in Sources */ = {isa = PBXBuildFile; fileRef = DC56ECD524C689FC004613CE /* PassablesExample_Screen.swift */; };
		DC56ECF424C68A03004613CE /* Retail-PageViewMaker.swift in Sources */ = {isa = PBXBuildFile; fileRef = DC56ECD424C689FC004613CE /* Retail-PageViewMaker.swift */; };
		DC56ECF524C68A03004613CE /* RetailTranslator.swift in Sources */ = {isa = PBXBuildFile; fileRef = DC56ECD124C689FC004613CE /* RetailTranslator.swift */; };
		DC56ECF624C68A03004613CE /* UndoRedoView.swift in Sources */ = {isa = PBXBuildFile; fileRef = DC56ECD024C689FC004613CE /* UndoRedoView.swift */; };
		DC56ECF724C68A03004613CE /* ObservingExample_Screen.swift in Sources */ = {isa = PBXBuildFile; fileRef = DC56ECCB24C689FC004613CE /* ObservingExample_Screen.swift */; };
		DC56ECF824C68A03004613CE /* TextFieldExample_Screen.swift in Sources */ = {isa = PBXBuildFile; fileRef = DC56ECCE24C689FC004613CE /* TextFieldExample_Screen.swift */; };
		DC56ECF924C68A03004613CE /* MenuScreen.swift in Sources */ = {isa = PBXBuildFile; fileRef = DC56ECD724C689FC004613CE /* MenuScreen.swift */; };
		DC56ECFA24C68A03004613CE /* EvaluatingTextField.swift in Sources */ = {isa = PBXBuildFile; fileRef = DC56ECD624C689FC004613CE /* EvaluatingTextField.swift */; };
		DC56ECFB24C68A03004613CE /* PassablesExample_ViewModel.swift in Sources */ = {isa = PBXBuildFile; fileRef = DC56ECCC24C689FC004613CE /* PassablesExample_ViewModel.swift */; };
		DC56ECFC24C68A03004613CE /* UndoRedoExample_Translator.swift in Sources */ = {isa = PBXBuildFile; fileRef = DC56ECCF24C689FC004613CE /* UndoRedoExample_Translator.swift */; };
		DC56ED1324C68A9B004613CE /* DisplayableProductsView.swift in Sources */ = {isa = PBXBuildFile; fileRef = DC56ED0B24C68A8E004613CE /* DisplayableProductsView.swift */; };
		DC56ED1424C68A9B004613CE /* ObservingBottomButton.swift in Sources */ = {isa = PBXBuildFile; fileRef = DC56ED1124C68A8F004613CE /* ObservingBottomButton.swift */; };
		DC56ED1524C68A9B004613CE /* TitleView.swift in Sources */ = {isa = PBXBuildFile; fileRef = DC56ED0A24C68A8E004613CE /* TitleView.swift */; };
		DC56ED1624C68A9B004613CE /* SelectableCapsuleButton.swift in Sources */ = {isa = PBXBuildFile; fileRef = DC56ED0524C68A8E004613CE /* SelectableCapsuleButton.swift */; };
		DC56ED1724C68A9B004613CE /* KeyboardPadding.swift in Sources */ = {isa = PBXBuildFile; fileRef = DC56ED0424C68A8D004613CE /* KeyboardPadding.swift */; };
		DC56ED1824C68A9B004613CE /* DismissReceiver.swift in Sources */ = {isa = PBXBuildFile; fileRef = DC56ED0F24C68A8E004613CE /* DismissReceiver.swift */; };
		DC56ED1924C68A9B004613CE /* FeedbackView.swift in Sources */ = {isa = PBXBuildFile; fileRef = DC56ED1024C68A8E004613CE /* FeedbackView.swift */; };
		DC56ED1A24C68A9B004613CE /* FoundNotFoundButtonsView.swift in Sources */ = {isa = PBXBuildFile; fileRef = DC56ED0D24C68A8E004613CE /* FoundNotFoundButtonsView.swift */; };
		DC56ED1B24C68A9B004613CE /* OptionsView.swift in Sources */ = {isa = PBXBuildFile; fileRef = DC56ED0924C68A8E004613CE /* OptionsView.swift */; };
		DC56ED1C24C68A9B004613CE /* ProductView.swift in Sources */ = {isa = PBXBuildFile; fileRef = DC56ED0624C68A8E004613CE /* ProductView.swift */; };
		DC56ED1D24C68A9B004613CE /* SpaceView.swift in Sources */ = {isa = PBXBuildFile; fileRef = DC56ED0E24C68A8E004613CE /* SpaceView.swift */; };
		DC56ED1E24C68A9B004613CE /* ObservingPageView.swift in Sources */ = {isa = PBXBuildFile; fileRef = DC56ED0C24C68A8E004613CE /* ObservingPageView.swift */; };
		DC56ED1F24C68A9B004613CE /* InstructionsView.swift in Sources */ = {isa = PBXBuildFile; fileRef = DC56ED1224C68A8F004613CE /* InstructionsView.swift */; };
		DC56ED2024C68A9B004613CE /* DividerView.swift in Sources */ = {isa = PBXBuildFile; fileRef = DC56ED0824C68A8E004613CE /* DividerView.swift */; };
		DC56ED2124C68A9B004613CE /* Fadeable.swift in Sources */ = {isa = PBXBuildFile; fileRef = DC56ED0724C68A8E004613CE /* Fadeable.swift */; };
		DC56ED2224C68A9C004613CE /* DisplayableProductsView.swift in Sources */ = {isa = PBXBuildFile; fileRef = DC56ED0B24C68A8E004613CE /* DisplayableProductsView.swift */; };
		DC56ED2324C68A9C004613CE /* ObservingBottomButton.swift in Sources */ = {isa = PBXBuildFile; fileRef = DC56ED1124C68A8F004613CE /* ObservingBottomButton.swift */; };
		DC56ED2424C68A9C004613CE /* TitleView.swift in Sources */ = {isa = PBXBuildFile; fileRef = DC56ED0A24C68A8E004613CE /* TitleView.swift */; };
		DC56ED2524C68A9C004613CE /* SelectableCapsuleButton.swift in Sources */ = {isa = PBXBuildFile; fileRef = DC56ED0524C68A8E004613CE /* SelectableCapsuleButton.swift */; };
		DC56ED2624C68A9C004613CE /* KeyboardPadding.swift in Sources */ = {isa = PBXBuildFile; fileRef = DC56ED0424C68A8D004613CE /* KeyboardPadding.swift */; };
		DC56ED2724C68A9C004613CE /* DismissReceiver.swift in Sources */ = {isa = PBXBuildFile; fileRef = DC56ED0F24C68A8E004613CE /* DismissReceiver.swift */; };
		DC56ED2824C68A9C004613CE /* FeedbackView.swift in Sources */ = {isa = PBXBuildFile; fileRef = DC56ED1024C68A8E004613CE /* FeedbackView.swift */; };
		DC56ED2924C68A9C004613CE /* FoundNotFoundButtonsView.swift in Sources */ = {isa = PBXBuildFile; fileRef = DC56ED0D24C68A8E004613CE /* FoundNotFoundButtonsView.swift */; };
		DC56ED2A24C68A9C004613CE /* OptionsView.swift in Sources */ = {isa = PBXBuildFile; fileRef = DC56ED0924C68A8E004613CE /* OptionsView.swift */; };
		DC56ED2B24C68A9C004613CE /* ProductView.swift in Sources */ = {isa = PBXBuildFile; fileRef = DC56ED0624C68A8E004613CE /* ProductView.swift */; };
		DC56ED2C24C68A9C004613CE /* SpaceView.swift in Sources */ = {isa = PBXBuildFile; fileRef = DC56ED0E24C68A8E004613CE /* SpaceView.swift */; };
		DC56ED2D24C68A9C004613CE /* ObservingPageView.swift in Sources */ = {isa = PBXBuildFile; fileRef = DC56ED0C24C68A8E004613CE /* ObservingPageView.swift */; };
		DC56ED2E24C68A9C004613CE /* InstructionsView.swift in Sources */ = {isa = PBXBuildFile; fileRef = DC56ED1224C68A8F004613CE /* InstructionsView.swift */; };
		DC56ED2F24C68A9C004613CE /* DividerView.swift in Sources */ = {isa = PBXBuildFile; fileRef = DC56ED0824C68A8E004613CE /* DividerView.swift */; };
		DC56ED3024C68A9C004613CE /* Fadeable.swift in Sources */ = {isa = PBXBuildFile; fileRef = DC56ED0724C68A8E004613CE /* Fadeable.swift */; };
		DC56ED3724C68ADE004613CE /* AlertPresenter.swift in Sources */ = {isa = PBXBuildFile; fileRef = DC56ED3424C68ADD004613CE /* AlertPresenter.swift */; };
		DC56ED3824C68ADE004613CE /* AlertPresenter.swift in Sources */ = {isa = PBXBuildFile; fileRef = DC56ED3424C68ADD004613CE /* AlertPresenter.swift */; };
		DC56ED3924C68ADE004613CE /* Presenter.swift in Sources */ = {isa = PBXBuildFile; fileRef = DC56ED3524C68ADD004613CE /* Presenter.swift */; };
		DC56ED3A24C68ADE004613CE /* Presenter.swift in Sources */ = {isa = PBXBuildFile; fileRef = DC56ED3524C68ADD004613CE /* Presenter.swift */; };
		DC56ED3B24C68ADE004613CE /* PresenterWithPassedValue.swift in Sources */ = {isa = PBXBuildFile; fileRef = DC56ED3624C68ADE004613CE /* PresenterWithPassedValue.swift */; };
		DC56ED3C24C68ADE004613CE /* PresenterWithPassedValue.swift in Sources */ = {isa = PBXBuildFile; fileRef = DC56ED3624C68ADE004613CE /* PresenterWithPassedValue.swift */; };
		DC56ED4A24C68AEA004613CE /* FontSystem.swift in Sources */ = {isa = PBXBuildFile; fileRef = DC56ED3D24C68AE9004613CE /* FontSystem.swift */; };
		DC56ED4B24C68AEA004613CE /* FontSystem.swift in Sources */ = {isa = PBXBuildFile; fileRef = DC56ED3D24C68AE9004613CE /* FontSystem.swift */; };
		DC56ED4C24C68AEA004613CE /* ImageExtensions.swift in Sources */ = {isa = PBXBuildFile; fileRef = DC56ED3E24C68AE9004613CE /* ImageExtensions.swift */; };
		DC56ED4D24C68AEA004613CE /* ImageExtensions.swift in Sources */ = {isa = PBXBuildFile; fileRef = DC56ED3E24C68AE9004613CE /* ImageExtensions.swift */; };
		DC56ED5024C68AEA004613CE /* OperatingSystem.swift in Sources */ = {isa = PBXBuildFile; fileRef = DC56ED4024C68AE9004613CE /* OperatingSystem.swift */; };
		DC56ED5124C68AEA004613CE /* OperatingSystem.swift in Sources */ = {isa = PBXBuildFile; fileRef = DC56ED4024C68AE9004613CE /* OperatingSystem.swift */; };
		DC56ED5224C68AEA004613CE /* Sink.swift in Sources */ = {isa = PBXBuildFile; fileRef = DC56ED4124C68AE9004613CE /* Sink.swift */; };
		DC56ED5324C68AEA004613CE /* Sink.swift in Sources */ = {isa = PBXBuildFile; fileRef = DC56ED4124C68AE9004613CE /* Sink.swift */; };
		DC56ED5424C68AEA004613CE /* NamedIdentifiedValue.swift in Sources */ = {isa = PBXBuildFile; fileRef = DC56ED4224C68AE9004613CE /* NamedIdentifiedValue.swift */; };
		DC56ED5524C68AEA004613CE /* NamedIdentifiedValue.swift in Sources */ = {isa = PBXBuildFile; fileRef = DC56ED4224C68AE9004613CE /* NamedIdentifiedValue.swift */; };
		DC56ED5624C68AEA004613CE /* ArrayExtensions.swift in Sources */ = {isa = PBXBuildFile; fileRef = DC56ED4324C68AE9004613CE /* ArrayExtensions.swift */; };
		DC56ED5724C68AEA004613CE /* ArrayExtensions.swift in Sources */ = {isa = PBXBuildFile; fileRef = DC56ED4324C68AE9004613CE /* ArrayExtensions.swift */; };
		DC56ED5824C68AEA004613CE /* TextFile.swift in Sources */ = {isa = PBXBuildFile; fileRef = DC56ED4424C68AE9004613CE /* TextFile.swift */; };
		DC56ED5924C68AEA004613CE /* TextFile.swift in Sources */ = {isa = PBXBuildFile; fileRef = DC56ED4424C68AE9004613CE /* TextFile.swift */; };
		DC56ED5A24C68AEA004613CE /* NetworkingError.swift in Sources */ = {isa = PBXBuildFile; fileRef = DC56ED4524C68AEA004613CE /* NetworkingError.swift */; };
		DC56ED5B24C68AEA004613CE /* NetworkingError.swift in Sources */ = {isa = PBXBuildFile; fileRef = DC56ED4524C68AEA004613CE /* NetworkingError.swift */; };
		DC56ED5C24C68AEA004613CE /* TextValidation.swift in Sources */ = {isa = PBXBuildFile; fileRef = DC56ED4624C68AEA004613CE /* TextValidation.swift */; };
		DC56ED5D24C68AEA004613CE /* TextValidation.swift in Sources */ = {isa = PBXBuildFile; fileRef = DC56ED4624C68AEA004613CE /* TextValidation.swift */; };
		DC56ED5E24C68AEA004613CE /* Publisher+Networking.swift in Sources */ = {isa = PBXBuildFile; fileRef = DC56ED4724C68AEA004613CE /* Publisher+Networking.swift */; };
		DC56ED5F24C68AEA004613CE /* Publisher+Networking.swift in Sources */ = {isa = PBXBuildFile; fileRef = DC56ED4724C68AEA004613CE /* Publisher+Networking.swift */; };
		DC56ED6024C68AEA004613CE /* Device.swift in Sources */ = {isa = PBXBuildFile; fileRef = DC56ED4824C68AEA004613CE /* Device.swift */; };
		DC56ED6124C68AEA004613CE /* Device.swift in Sources */ = {isa = PBXBuildFile; fileRef = DC56ED4824C68AEA004613CE /* Device.swift */; };
		DC56ED6224C68AEA004613CE /* AfterWait.swift in Sources */ = {isa = PBXBuildFile; fileRef = DC56ED4924C68AEA004613CE /* AfterWait.swift */; };
		DC56ED6324C68AEA004613CE /* AfterWait.swift in Sources */ = {isa = PBXBuildFile; fileRef = DC56ED4924C68AEA004613CE /* AfterWait.swift */; };
		DC56ED6624C68CA9004613CE /* Poet in Frameworks */ = {isa = PBXBuildFile; productRef = DC56ED6524C68CA9004613CE /* Poet */; };
		DC74D4BD24C7653000E5D9A4 /* BezelPresenter.swift in Sources */ = {isa = PBXBuildFile; fileRef = DC74D4BC24C7653000E5D9A4 /* BezelPresenter.swift */; };
		DC74D4BE24C7653C00E5D9A4 /* BezelPresenter.swift in Sources */ = {isa = PBXBuildFile; fileRef = DC74D4BC24C7653000E5D9A4 /* BezelPresenter.swift */; };
		DC74D4C724C80B8C00E5D9A4 /* Login-Screen.swift in Sources */ = {isa = PBXBuildFile; fileRef = DC74D4C024C80B8200E5D9A4 /* Login-Screen.swift */; };
		DC74D4C824C80B8C00E5D9A4 /* Login-Translator.swift in Sources */ = {isa = PBXBuildFile; fileRef = DC74D4C524C80B8300E5D9A4 /* Login-Translator.swift */; };
		DC74D4CA24C80B8C00E5D9A4 /* Login-Evaluator.swift in Sources */ = {isa = PBXBuildFile; fileRef = DC74D4C124C80B8200E5D9A4 /* Login-Evaluator.swift */; };
		DC74D4CB24C80B8C00E5D9A4 /* Login-Performer.swift in Sources */ = {isa = PBXBuildFile; fileRef = DC74D4C324C80B8200E5D9A4 /* Login-Performer.swift */; };
		DC74D4CD24C80B8D00E5D9A4 /* Login-Screen.swift in Sources */ = {isa = PBXBuildFile; fileRef = DC74D4C024C80B8200E5D9A4 /* Login-Screen.swift */; };
		DC74D4CE24C80B8D00E5D9A4 /* Login-Translator.swift in Sources */ = {isa = PBXBuildFile; fileRef = DC74D4C524C80B8300E5D9A4 /* Login-Translator.swift */; };
		DC74D4D024C80B8D00E5D9A4 /* Login-Evaluator.swift in Sources */ = {isa = PBXBuildFile; fileRef = DC74D4C124C80B8200E5D9A4 /* Login-Evaluator.swift */; };
		DC74D4D124C80B8D00E5D9A4 /* Login-Performer.swift in Sources */ = {isa = PBXBuildFile; fileRef = DC74D4C324C80B8200E5D9A4 /* Login-Performer.swift */; };
		DC74D4D324C813E500E5D9A4 /* Login-Tests.swift in Sources */ = {isa = PBXBuildFile; fileRef = DC74D4C424C80B8200E5D9A4 /* Login-Tests.swift */; };
		DC74D4D424C814B600E5D9A4 /* Login-MockPerformer.swift in Sources */ = {isa = PBXBuildFile; fileRef = DC74D4C224C80B8200E5D9A4 /* Login-MockPerformer.swift */; };
		DC74D4D724C81A9B00E5D9A4 /* BusyPresenter.swift in Sources */ = {isa = PBXBuildFile; fileRef = DC74D4D624C81A9B00E5D9A4 /* BusyPresenter.swift */; };
		DC74D4D824C81AE500E5D9A4 /* BusyPresenter.swift in Sources */ = {isa = PBXBuildFile; fileRef = DC74D4D624C81A9B00E5D9A4 /* BusyPresenter.swift */; };
		DC74D4DB24C81B4100E5D9A4 /* ValidatingTextField.swift in Sources */ = {isa = PBXBuildFile; fileRef = DC74D4DA24C81B4100E5D9A4 /* ValidatingTextField.swift */; };
		DC74D4DC24C81B4100E5D9A4 /* ValidatingTextField.swift in Sources */ = {isa = PBXBuildFile; fileRef = DC74D4DA24C81B4100E5D9A4 /* ValidatingTextField.swift */; };
		DC74D4DF24C8E5CB00E5D9A4 /* CardsExample_Screen.swift in Sources */ = {isa = PBXBuildFile; fileRef = DC74D4DE24C8E5CB00E5D9A4 /* CardsExample_Screen.swift */; };
		DC74D4E024C8E5CB00E5D9A4 /* CardsExample_Screen.swift in Sources */ = {isa = PBXBuildFile; fileRef = DC74D4DE24C8E5CB00E5D9A4 /* CardsExample_Screen.swift */; };
		DC74D4E224C8E5DA00E5D9A4 /* CardsExample_Evaluator.swift in Sources */ = {isa = PBXBuildFile; fileRef = DC74D4E124C8E5DA00E5D9A4 /* CardsExample_Evaluator.swift */; };
		DC74D4E324C8E5DA00E5D9A4 /* CardsExample_Evaluator.swift in Sources */ = {isa = PBXBuildFile; fileRef = DC74D4E124C8E5DA00E5D9A4 /* CardsExample_Evaluator.swift */; };
		DC74D4E524C8E5E400E5D9A4 /* CardsExample_Translator.swift in Sources */ = {isa = PBXBuildFile; fileRef = DC74D4E424C8E5E400E5D9A4 /* CardsExample_Translator.swift */; };
		DC74D4E624C8E5E400E5D9A4 /* CardsExample_Translator.swift in Sources */ = {isa = PBXBuildFile; fileRef = DC74D4E424C8E5E400E5D9A4 /* CardsExample_Translator.swift */; };
		DC74D4E924C8EB4600E5D9A4 /* CardDeck.swift in Sources */ = {isa = PBXBuildFile; fileRef = DC74D4E824C8EB4600E5D9A4 /* CardDeck.swift */; };
		DC74D4EA24C8EB4600E5D9A4 /* CardDeck.swift in Sources */ = {isa = PBXBuildFile; fileRef = DC74D4E824C8EB4600E5D9A4 /* CardDeck.swift */; };
/* End PBXBuildFile section */

/* Begin PBXContainerItemProxy section */
		DC56EC6424C688A7004613CE /* PBXContainerItemProxy */ = {
			isa = PBXContainerItemProxy;
			containerPortal = DC56EC4A24C688A5004613CE /* Project object */;
			proxyType = 1;
			remoteGlobalIDString = DC56EC5124C688A5004613CE;
			remoteInfo = "SwiftUI Kickoff";
		};
		DC56EC6F24C688A7004613CE /* PBXContainerItemProxy */ = {
			isa = PBXContainerItemProxy;
			containerPortal = DC56EC4A24C688A5004613CE /* Project object */;
			proxyType = 1;
			remoteGlobalIDString = DC56EC5124C688A5004613CE;
			remoteInfo = "SwiftUI Kickoff";
		};
		DC56EC9624C688BB004613CE /* PBXContainerItemProxy */ = {
			isa = PBXContainerItemProxy;
			containerPortal = DC56EC4A24C688A5004613CE /* Project object */;
			proxyType = 1;
			remoteGlobalIDString = DC56EC8324C688BA004613CE;
			remoteInfo = "SwiftUI Kickoff Mac";
		};
		DC56ECA124C688BB004613CE /* PBXContainerItemProxy */ = {
			isa = PBXContainerItemProxy;
			containerPortal = DC56EC4A24C688A5004613CE /* Project object */;
			proxyType = 1;
			remoteGlobalIDString = DC56EC8324C688BA004613CE;
			remoteInfo = "SwiftUI Kickoff Mac";
		};
/* End PBXContainerItemProxy section */

/* Begin PBXFileReference section */
		DC56EC5224C688A5004613CE /* SwiftUI Kickoff.app */ = {isa = PBXFileReference; explicitFileType = wrapper.application; includeInIndex = 0; path = "SwiftUI Kickoff.app"; sourceTree = BUILT_PRODUCTS_DIR; };
		DC56EC5524C688A5004613CE /* SwiftUI_KickoffApp.swift */ = {isa = PBXFileReference; lastKnownFileType = sourcecode.swift; path = SwiftUI_KickoffApp.swift; sourceTree = "<group>"; };
		DC56EC5924C688A7004613CE /* Assets.xcassets */ = {isa = PBXFileReference; lastKnownFileType = folder.assetcatalog; path = Assets.xcassets; sourceTree = "<group>"; };
		DC56EC5C24C688A7004613CE /* Preview Assets.xcassets */ = {isa = PBXFileReference; lastKnownFileType = folder.assetcatalog; path = "Preview Assets.xcassets"; sourceTree = "<group>"; };
		DC56EC5E24C688A7004613CE /* Info.plist */ = {isa = PBXFileReference; lastKnownFileType = text.plist.xml; path = Info.plist; sourceTree = "<group>"; };
		DC56EC6324C688A7004613CE /* SwiftUI KickoffTests.xctest */ = {isa = PBXFileReference; explicitFileType = wrapper.cfbundle; includeInIndex = 0; path = "SwiftUI KickoffTests.xctest"; sourceTree = BUILT_PRODUCTS_DIR; };
		DC56EC6724C688A7004613CE /* SwiftUI_KickoffTests.swift */ = {isa = PBXFileReference; lastKnownFileType = sourcecode.swift; path = SwiftUI_KickoffTests.swift; sourceTree = "<group>"; };
		DC56EC6924C688A7004613CE /* Info.plist */ = {isa = PBXFileReference; lastKnownFileType = text.plist.xml; path = Info.plist; sourceTree = "<group>"; };
		DC56EC6E24C688A7004613CE /* SwiftUI KickoffUITests.xctest */ = {isa = PBXFileReference; explicitFileType = wrapper.cfbundle; includeInIndex = 0; path = "SwiftUI KickoffUITests.xctest"; sourceTree = BUILT_PRODUCTS_DIR; };
		DC56EC7224C688A7004613CE /* SwiftUI_KickoffUITests.swift */ = {isa = PBXFileReference; lastKnownFileType = sourcecode.swift; path = SwiftUI_KickoffUITests.swift; sourceTree = "<group>"; };
		DC56EC7424C688A7004613CE /* Info.plist */ = {isa = PBXFileReference; lastKnownFileType = text.plist.xml; path = Info.plist; sourceTree = "<group>"; };
		DC56EC8424C688BA004613CE /* SwiftUI Kickoff Mac.app */ = {isa = PBXFileReference; explicitFileType = wrapper.application; includeInIndex = 0; path = "SwiftUI Kickoff Mac.app"; sourceTree = BUILT_PRODUCTS_DIR; };
		DC56EC8624C688BA004613CE /* SwiftUI_Kickoff_MacApp.swift */ = {isa = PBXFileReference; lastKnownFileType = sourcecode.swift; path = SwiftUI_Kickoff_MacApp.swift; sourceTree = "<group>"; };
		DC56EC8824C688BA004613CE /* ContentView.swift */ = {isa = PBXFileReference; lastKnownFileType = sourcecode.swift; path = ContentView.swift; sourceTree = "<group>"; };
		DC56EC8A24C688BB004613CE /* Assets.xcassets */ = {isa = PBXFileReference; lastKnownFileType = folder.assetcatalog; path = Assets.xcassets; sourceTree = "<group>"; };
		DC56EC8D24C688BB004613CE /* Preview Assets.xcassets */ = {isa = PBXFileReference; lastKnownFileType = folder.assetcatalog; path = "Preview Assets.xcassets"; sourceTree = "<group>"; };
		DC56EC8F24C688BB004613CE /* Info.plist */ = {isa = PBXFileReference; lastKnownFileType = text.plist.xml; path = Info.plist; sourceTree = "<group>"; };
		DC56EC9024C688BB004613CE /* SwiftUI_Kickoff_Mac.entitlements */ = {isa = PBXFileReference; lastKnownFileType = text.plist.entitlements; path = SwiftUI_Kickoff_Mac.entitlements; sourceTree = "<group>"; };
		DC56EC9524C688BB004613CE /* SwiftUI Kickoff MacTests.xctest */ = {isa = PBXFileReference; explicitFileType = wrapper.cfbundle; includeInIndex = 0; path = "SwiftUI Kickoff MacTests.xctest"; sourceTree = BUILT_PRODUCTS_DIR; };
		DC56EC9924C688BB004613CE /* SwiftUI_Kickoff_MacTests.swift */ = {isa = PBXFileReference; lastKnownFileType = sourcecode.swift; path = SwiftUI_Kickoff_MacTests.swift; sourceTree = "<group>"; };
		DC56EC9B24C688BB004613CE /* Info.plist */ = {isa = PBXFileReference; lastKnownFileType = text.plist.xml; path = Info.plist; sourceTree = "<group>"; };
		DC56ECA024C688BB004613CE /* SwiftUI Kickoff MacUITests.xctest */ = {isa = PBXFileReference; explicitFileType = wrapper.cfbundle; includeInIndex = 0; path = "SwiftUI Kickoff MacUITests.xctest"; sourceTree = BUILT_PRODUCTS_DIR; };
		DC56ECA424C688BB004613CE /* SwiftUI_Kickoff_MacUITests.swift */ = {isa = PBXFileReference; lastKnownFileType = sourcecode.swift; path = SwiftUI_Kickoff_MacUITests.swift; sourceTree = "<group>"; };
		DC56ECA624C688BB004613CE /* Info.plist */ = {isa = PBXFileReference; lastKnownFileType = text.plist.xml; path = Info.plist; sourceTree = "<group>"; };
		DC56ECB724C68949004613CE /* ActionEvaluating+Breadcrumbing.swift */ = {isa = PBXFileReference; fileEncoding = 4; lastKnownFileType = sourcecode.swift; path = "ActionEvaluating+Breadcrumbing.swift"; sourceTree = "<group>"; };
		DC56ECB824C68949004613CE /* NamedAction.swift */ = {isa = PBXFileReference; fileEncoding = 4; lastKnownFileType = sourcecode.swift; path = NamedAction.swift; sourceTree = "<group>"; };
		DC56ECB924C68949004613CE /* EvaluatorElement.swift */ = {isa = PBXFileReference; fileEncoding = 4; lastKnownFileType = sourcecode.swift; path = EvaluatorElement.swift; sourceTree = "<group>"; };
		DC56ECCA24C689FB004613CE /* RetailScreen.swift */ = {isa = PBXFileReference; lastKnownFileType = sourcecode.swift; path = RetailScreen.swift; sourceTree = "<group>"; };
		DC56ECCB24C689FC004613CE /* ObservingExample_Screen.swift */ = {isa = PBXFileReference; lastKnownFileType = sourcecode.swift; path = ObservingExample_Screen.swift; sourceTree = "<group>"; };
		DC56ECCC24C689FC004613CE /* PassablesExample_ViewModel.swift */ = {isa = PBXFileReference; lastKnownFileType = sourcecode.swift; path = PassablesExample_ViewModel.swift; sourceTree = "<group>"; };
		DC56ECCD24C689FC004613CE /* ObservingExample_ViewModel.swift */ = {isa = PBXFileReference; lastKnownFileType = sourcecode.swift; path = ObservingExample_ViewModel.swift; sourceTree = "<group>"; };
		DC56ECCE24C689FC004613CE /* TextFieldExample_Screen.swift */ = {isa = PBXFileReference; lastKnownFileType = sourcecode.swift; path = TextFieldExample_Screen.swift; sourceTree = "<group>"; };
		DC56ECCF24C689FC004613CE /* UndoRedoExample_Translator.swift */ = {isa = PBXFileReference; lastKnownFileType = sourcecode.swift; path = UndoRedoExample_Translator.swift; sourceTree = "<group>"; };
		DC56ECD024C689FC004613CE /* UndoRedoView.swift */ = {isa = PBXFileReference; lastKnownFileType = sourcecode.swift; path = UndoRedoView.swift; sourceTree = "<group>"; };
		DC56ECD124C689FC004613CE /* RetailTranslator.swift */ = {isa = PBXFileReference; lastKnownFileType = sourcecode.swift; path = RetailTranslator.swift; sourceTree = "<group>"; };
		DC56ECD224C689FC004613CE /* RetailEvaluator.swift */ = {isa = PBXFileReference; lastKnownFileType = sourcecode.swift; path = RetailEvaluator.swift; sourceTree = "<group>"; };
		DC56ECD324C689FC004613CE /* CircleButton.swift */ = {isa = PBXFileReference; lastKnownFileType = sourcecode.swift; path = CircleButton.swift; sourceTree = "<group>"; };
		DC56ECD424C689FC004613CE /* Retail-PageViewMaker.swift */ = {isa = PBXFileReference; lastKnownFileType = sourcecode.swift; path = "Retail-PageViewMaker.swift"; sourceTree = "<group>"; };
		DC56ECD524C689FC004613CE /* PassablesExample_Screen.swift */ = {isa = PBXFileReference; lastKnownFileType = sourcecode.swift; path = PassablesExample_Screen.swift; sourceTree = "<group>"; };
		DC56ECD624C689FC004613CE /* EvaluatingTextField.swift */ = {isa = PBXFileReference; lastKnownFileType = sourcecode.swift; path = EvaluatingTextField.swift; sourceTree = "<group>"; };
		DC56ECD724C689FC004613CE /* MenuScreen.swift */ = {isa = PBXFileReference; lastKnownFileType = sourcecode.swift; path = MenuScreen.swift; sourceTree = "<group>"; };
		DC56ECD824C689FD004613CE /* TextFieldExample_ViewModel.swift */ = {isa = PBXFileReference; lastKnownFileType = sourcecode.swift; path = TextFieldExample_ViewModel.swift; sourceTree = "<group>"; };
		DC56ECD924C689FD004613CE /* UndoRedoExample_Evaluator.swift */ = {isa = PBXFileReference; lastKnownFileType = sourcecode.swift; path = UndoRedoExample_Evaluator.swift; sourceTree = "<group>"; };
		DC56ECDA24C689FD004613CE /* UndoRedoExample_Screen.swift */ = {isa = PBXFileReference; lastKnownFileType = sourcecode.swift; path = UndoRedoExample_Screen.swift; sourceTree = "<group>"; };
		DC56ED0424C68A8D004613CE /* KeyboardPadding.swift */ = {isa = PBXFileReference; lastKnownFileType = sourcecode.swift; path = KeyboardPadding.swift; sourceTree = "<group>"; };
		DC56ED0524C68A8E004613CE /* SelectableCapsuleButton.swift */ = {isa = PBXFileReference; lastKnownFileType = sourcecode.swift; path = SelectableCapsuleButton.swift; sourceTree = "<group>"; };
		DC56ED0624C68A8E004613CE /* ProductView.swift */ = {isa = PBXFileReference; lastKnownFileType = sourcecode.swift; path = ProductView.swift; sourceTree = "<group>"; };
		DC56ED0724C68A8E004613CE /* Fadeable.swift */ = {isa = PBXFileReference; lastKnownFileType = sourcecode.swift; path = Fadeable.swift; sourceTree = "<group>"; };
		DC56ED0824C68A8E004613CE /* DividerView.swift */ = {isa = PBXFileReference; lastKnownFileType = sourcecode.swift; path = DividerView.swift; sourceTree = "<group>"; };
		DC56ED0924C68A8E004613CE /* OptionsView.swift */ = {isa = PBXFileReference; lastKnownFileType = sourcecode.swift; path = OptionsView.swift; sourceTree = "<group>"; };
		DC56ED0A24C68A8E004613CE /* TitleView.swift */ = {isa = PBXFileReference; lastKnownFileType = sourcecode.swift; path = TitleView.swift; sourceTree = "<group>"; };
		DC56ED0B24C68A8E004613CE /* DisplayableProductsView.swift */ = {isa = PBXFileReference; lastKnownFileType = sourcecode.swift; path = DisplayableProductsView.swift; sourceTree = "<group>"; };
		DC56ED0C24C68A8E004613CE /* ObservingPageView.swift */ = {isa = PBXFileReference; lastKnownFileType = sourcecode.swift; path = ObservingPageView.swift; sourceTree = "<group>"; };
		DC56ED0D24C68A8E004613CE /* FoundNotFoundButtonsView.swift */ = {isa = PBXFileReference; lastKnownFileType = sourcecode.swift; path = FoundNotFoundButtonsView.swift; sourceTree = "<group>"; };
		DC56ED0E24C68A8E004613CE /* SpaceView.swift */ = {isa = PBXFileReference; lastKnownFileType = sourcecode.swift; path = SpaceView.swift; sourceTree = "<group>"; };
		DC56ED0F24C68A8E004613CE /* DismissReceiver.swift */ = {isa = PBXFileReference; lastKnownFileType = sourcecode.swift; path = DismissReceiver.swift; sourceTree = "<group>"; };
		DC56ED1024C68A8E004613CE /* FeedbackView.swift */ = {isa = PBXFileReference; lastKnownFileType = sourcecode.swift; path = FeedbackView.swift; sourceTree = "<group>"; };
		DC56ED1124C68A8F004613CE /* ObservingBottomButton.swift */ = {isa = PBXFileReference; lastKnownFileType = sourcecode.swift; path = ObservingBottomButton.swift; sourceTree = "<group>"; };
		DC56ED1224C68A8F004613CE /* InstructionsView.swift */ = {isa = PBXFileReference; lastKnownFileType = sourcecode.swift; path = InstructionsView.swift; sourceTree = "<group>"; };
		DC56ED3424C68ADD004613CE /* AlertPresenter.swift */ = {isa = PBXFileReference; fileEncoding = 4; lastKnownFileType = sourcecode.swift; path = AlertPresenter.swift; sourceTree = "<group>"; };
		DC56ED3524C68ADD004613CE /* Presenter.swift */ = {isa = PBXFileReference; fileEncoding = 4; lastKnownFileType = sourcecode.swift; path = Presenter.swift; sourceTree = "<group>"; };
		DC56ED3624C68ADE004613CE /* PresenterWithPassedValue.swift */ = {isa = PBXFileReference; fileEncoding = 4; lastKnownFileType = sourcecode.swift; path = PresenterWithPassedValue.swift; sourceTree = "<group>"; };
		DC56ED3D24C68AE9004613CE /* FontSystem.swift */ = {isa = PBXFileReference; fileEncoding = 4; lastKnownFileType = sourcecode.swift; path = FontSystem.swift; sourceTree = "<group>"; };
		DC56ED3E24C68AE9004613CE /* ImageExtensions.swift */ = {isa = PBXFileReference; fileEncoding = 4; lastKnownFileType = sourcecode.swift; path = ImageExtensions.swift; sourceTree = "<group>"; };
		DC56ED4024C68AE9004613CE /* OperatingSystem.swift */ = {isa = PBXFileReference; fileEncoding = 4; lastKnownFileType = sourcecode.swift; path = OperatingSystem.swift; sourceTree = "<group>"; };
		DC56ED4124C68AE9004613CE /* Sink.swift */ = {isa = PBXFileReference; fileEncoding = 4; lastKnownFileType = sourcecode.swift; path = Sink.swift; sourceTree = "<group>"; };
		DC56ED4224C68AE9004613CE /* NamedIdentifiedValue.swift */ = {isa = PBXFileReference; fileEncoding = 4; lastKnownFileType = sourcecode.swift; path = NamedIdentifiedValue.swift; sourceTree = "<group>"; };
		DC56ED4324C68AE9004613CE /* ArrayExtensions.swift */ = {isa = PBXFileReference; fileEncoding = 4; lastKnownFileType = sourcecode.swift; path = ArrayExtensions.swift; sourceTree = "<group>"; };
		DC56ED4424C68AE9004613CE /* TextFile.swift */ = {isa = PBXFileReference; fileEncoding = 4; lastKnownFileType = sourcecode.swift; path = TextFile.swift; sourceTree = "<group>"; };
		DC56ED4524C68AEA004613CE /* NetworkingError.swift */ = {isa = PBXFileReference; fileEncoding = 4; lastKnownFileType = sourcecode.swift; path = NetworkingError.swift; sourceTree = "<group>"; };
		DC56ED4624C68AEA004613CE /* TextValidation.swift */ = {isa = PBXFileReference; fileEncoding = 4; lastKnownFileType = sourcecode.swift; path = TextValidation.swift; sourceTree = "<group>"; };
		DC56ED4724C68AEA004613CE /* Publisher+Networking.swift */ = {isa = PBXFileReference; fileEncoding = 4; lastKnownFileType = sourcecode.swift; path = "Publisher+Networking.swift"; sourceTree = "<group>"; };
		DC56ED4824C68AEA004613CE /* Device.swift */ = {isa = PBXFileReference; fileEncoding = 4; lastKnownFileType = sourcecode.swift; path = Device.swift; sourceTree = "<group>"; };
		DC56ED4924C68AEA004613CE /* AfterWait.swift */ = {isa = PBXFileReference; fileEncoding = 4; lastKnownFileType = sourcecode.swift; path = AfterWait.swift; sourceTree = "<group>"; };
		DC74D4BC24C7653000E5D9A4 /* BezelPresenter.swift */ = {isa = PBXFileReference; lastKnownFileType = sourcecode.swift; path = BezelPresenter.swift; sourceTree = "<group>"; };
		DC74D4C024C80B8200E5D9A4 /* Login-Screen.swift */ = {isa = PBXFileReference; lastKnownFileType = sourcecode.swift; path = "Login-Screen.swift"; sourceTree = "<group>"; };
		DC74D4C124C80B8200E5D9A4 /* Login-Evaluator.swift */ = {isa = PBXFileReference; lastKnownFileType = sourcecode.swift; path = "Login-Evaluator.swift"; sourceTree = "<group>"; };
		DC74D4C224C80B8200E5D9A4 /* Login-MockPerformer.swift */ = {isa = PBXFileReference; lastKnownFileType = sourcecode.swift; path = "Login-MockPerformer.swift"; sourceTree = "<group>"; };
		DC74D4C324C80B8200E5D9A4 /* Login-Performer.swift */ = {isa = PBXFileReference; lastKnownFileType = sourcecode.swift; path = "Login-Performer.swift"; sourceTree = "<group>"; };
		DC74D4C424C80B8200E5D9A4 /* Login-Tests.swift */ = {isa = PBXFileReference; lastKnownFileType = sourcecode.swift; path = "Login-Tests.swift"; sourceTree = "<group>"; };
		DC74D4C524C80B8300E5D9A4 /* Login-Translator.swift */ = {isa = PBXFileReference; lastKnownFileType = sourcecode.swift; path = "Login-Translator.swift"; sourceTree = "<group>"; };
		DC74D4D624C81A9B00E5D9A4 /* BusyPresenter.swift */ = {isa = PBXFileReference; lastKnownFileType = sourcecode.swift; path = BusyPresenter.swift; sourceTree = "<group>"; };
		DC74D4DA24C81B4100E5D9A4 /* ValidatingTextField.swift */ = {isa = PBXFileReference; lastKnownFileType = sourcecode.swift; path = ValidatingTextField.swift; sourceTree = "<group>"; };
		DC74D4DE24C8E5CB00E5D9A4 /* CardsExample_Screen.swift */ = {isa = PBXFileReference; lastKnownFileType = sourcecode.swift; path = CardsExample_Screen.swift; sourceTree = "<group>"; };
		DC74D4E124C8E5DA00E5D9A4 /* CardsExample_Evaluator.swift */ = {isa = PBXFileReference; lastKnownFileType = sourcecode.swift; path = CardsExample_Evaluator.swift; sourceTree = "<group>"; };
		DC74D4E424C8E5E400E5D9A4 /* CardsExample_Translator.swift */ = {isa = PBXFileReference; lastKnownFileType = sourcecode.swift; path = CardsExample_Translator.swift; sourceTree = "<group>"; };
		DC74D4E824C8EB4600E5D9A4 /* CardDeck.swift */ = {isa = PBXFileReference; lastKnownFileType = sourcecode.swift; path = CardDeck.swift; sourceTree = "<group>"; };
/* End PBXFileReference section */

/* Begin PBXFrameworksBuildPhase section */
		DC56EC4F24C688A5004613CE /* Frameworks */ = {
			isa = PBXFrameworksBuildPhase;
			buildActionMask = 2147483647;
			files = (
				DC56ECB224C688DB004613CE /* Poet in Frameworks */,
			);
			runOnlyForDeploymentPostprocessing = 0;
		};
		DC56EC6024C688A7004613CE /* Frameworks */ = {
			isa = PBXFrameworksBuildPhase;
			buildActionMask = 2147483647;
			files = (
			);
			runOnlyForDeploymentPostprocessing = 0;
		};
		DC56EC6B24C688A7004613CE /* Frameworks */ = {
			isa = PBXFrameworksBuildPhase;
			buildActionMask = 2147483647;
			files = (
			);
			runOnlyForDeploymentPostprocessing = 0;
		};
		DC56EC8124C688BA004613CE /* Frameworks */ = {
			isa = PBXFrameworksBuildPhase;
			buildActionMask = 2147483647;
			files = (
				DC56ED6624C68CA9004613CE /* Poet in Frameworks */,
			);
			runOnlyForDeploymentPostprocessing = 0;
		};
		DC56EC9224C688BB004613CE /* Frameworks */ = {
			isa = PBXFrameworksBuildPhase;
			buildActionMask = 2147483647;
			files = (
			);
			runOnlyForDeploymentPostprocessing = 0;
		};
		DC56EC9D24C688BB004613CE /* Frameworks */ = {
			isa = PBXFrameworksBuildPhase;
			buildActionMask = 2147483647;
			files = (
			);
			runOnlyForDeploymentPostprocessing = 0;
		};
/* End PBXFrameworksBuildPhase section */

/* Begin PBXGroup section */
		DC56EC4924C688A5004613CE = {
			isa = PBXGroup;
			children = (
				DC56EC5424C688A5004613CE /* SwiftUI Kickoff */,
				DC56EC6624C688A7004613CE /* SwiftUI KickoffTests */,
				DC56EC7124C688A7004613CE /* SwiftUI KickoffUITests */,
				DC56EC8524C688BA004613CE /* SwiftUI Kickoff Mac */,
				DC56EC9824C688BB004613CE /* SwiftUI Kickoff MacTests */,
				DC56ECA324C688BB004613CE /* SwiftUI Kickoff MacUITests */,
				DC56EC5324C688A5004613CE /* Products */,
				DC56ED6424C68CA9004613CE /* Frameworks */,
			);
			sourceTree = "<group>";
		};
		DC56EC5324C688A5004613CE /* Products */ = {
			isa = PBXGroup;
			children = (
				DC56EC5224C688A5004613CE /* SwiftUI Kickoff.app */,
				DC56EC6324C688A7004613CE /* SwiftUI KickoffTests.xctest */,
				DC56EC6E24C688A7004613CE /* SwiftUI KickoffUITests.xctest */,
				DC56EC8424C688BA004613CE /* SwiftUI Kickoff Mac.app */,
				DC56EC9524C688BB004613CE /* SwiftUI Kickoff MacTests.xctest */,
				DC56ECA024C688BB004613CE /* SwiftUI Kickoff MacUITests.xctest */,
			);
			name = Products;
			sourceTree = "<group>";
		};
		DC56EC5424C688A5004613CE /* SwiftUI Kickoff */ = {
			isa = PBXGroup;
			children = (
				DC56ECC724C689CC004613CE /* Screens */,
				DC56ECC824C689D6004613CE /* Views */,
				DC56ECC924C689DA004613CE /* Utilities */,
				DC56EC5524C688A5004613CE /* SwiftUI_KickoffApp.swift */,
				DC56ECB724C68949004613CE /* ActionEvaluating+Breadcrumbing.swift */,
				DC56ECB924C68949004613CE /* EvaluatorElement.swift */,
				DC56ECB824C68949004613CE /* NamedAction.swift */,
				DC56EC5924C688A7004613CE /* Assets.xcassets */,
				DC56EC5E24C688A7004613CE /* Info.plist */,
				DC56EC5B24C688A7004613CE /* Preview Content */,
			);
			path = "SwiftUI Kickoff";
			sourceTree = "<group>";
		};
		DC56EC5B24C688A7004613CE /* Preview Content */ = {
			isa = PBXGroup;
			children = (
				DC56EC5C24C688A7004613CE /* Preview Assets.xcassets */,
			);
			path = "Preview Content";
			sourceTree = "<group>";
		};
		DC56EC6624C688A7004613CE /* SwiftUI KickoffTests */ = {
			isa = PBXGroup;
			children = (
				DC56EC6724C688A7004613CE /* SwiftUI_KickoffTests.swift */,
				DC56EC6924C688A7004613CE /* Info.plist */,
			);
			path = "SwiftUI KickoffTests";
			sourceTree = "<group>";
		};
		DC56EC7124C688A7004613CE /* SwiftUI KickoffUITests */ = {
			isa = PBXGroup;
			children = (
				DC56EC7224C688A7004613CE /* SwiftUI_KickoffUITests.swift */,
				DC56EC7424C688A7004613CE /* Info.plist */,
			);
			path = "SwiftUI KickoffUITests";
			sourceTree = "<group>";
		};
		DC56EC8524C688BA004613CE /* SwiftUI Kickoff Mac */ = {
			isa = PBXGroup;
			children = (
				DC56EC8624C688BA004613CE /* SwiftUI_Kickoff_MacApp.swift */,
				DC56EC8824C688BA004613CE /* ContentView.swift */,
				DC56EC8A24C688BB004613CE /* Assets.xcassets */,
				DC56EC8F24C688BB004613CE /* Info.plist */,
				DC56EC9024C688BB004613CE /* SwiftUI_Kickoff_Mac.entitlements */,
				DC56EC8C24C688BB004613CE /* Preview Content */,
			);
			path = "SwiftUI Kickoff Mac";
			sourceTree = "<group>";
		};
		DC56EC8C24C688BB004613CE /* Preview Content */ = {
			isa = PBXGroup;
			children = (
				DC56EC8D24C688BB004613CE /* Preview Assets.xcassets */,
			);
			path = "Preview Content";
			sourceTree = "<group>";
		};
		DC56EC9824C688BB004613CE /* SwiftUI Kickoff MacTests */ = {
			isa = PBXGroup;
			children = (
				DC56EC9924C688BB004613CE /* SwiftUI_Kickoff_MacTests.swift */,
				DC56EC9B24C688BB004613CE /* Info.plist */,
			);
			path = "SwiftUI Kickoff MacTests";
			sourceTree = "<group>";
		};
		DC56ECA324C688BB004613CE /* SwiftUI Kickoff MacUITests */ = {
			isa = PBXGroup;
			children = (
				DC56ECA424C688BB004613CE /* SwiftUI_Kickoff_MacUITests.swift */,
				DC56ECA624C688BB004613CE /* Info.plist */,
			);
			path = "SwiftUI Kickoff MacUITests";
			sourceTree = "<group>";
		};
		DC56ECC724C689CC004613CE /* Screens */ = {
			isa = PBXGroup;
			children = (
				DC56ECFF24C68A4B004613CE /* Menu */,
				DC56ED0024C68A59004613CE /* 1. Observiing */,
				DC56ECFE24C68A34004613CE /* 2. Text Field */,
				DC56ECFD24C68A1C004613CE /* 3. Undo Redo */,
				DC56ED0124C68A66004613CE /* 4. Passables */,
				DC74D4BF24C80B4E00E5D9A4 /* 5. Login */,
				DC56ED0224C68A76004613CE /* 6. Retail */,
				DC74D4DD24C8E4A400E5D9A4 /* 7. Cards */,
			);
			path = Screens;
			sourceTree = "<group>";
		};
		DC56ECC824C689D6004613CE /* Views */ = {
			isa = PBXGroup;
			children = (
				DC56ED3324C68AD0004613CE /* Presenters */,
			);
			path = Views;
			sourceTree = "<group>";
		};
		DC56ECC924C689DA004613CE /* Utilities */ = {
			isa = PBXGroup;
			children = (
				DC56ED4924C68AEA004613CE /* AfterWait.swift */,
				DC56ED4324C68AE9004613CE /* ArrayExtensions.swift */,
				DC56ED4824C68AEA004613CE /* Device.swift */,
				DC56ED3D24C68AE9004613CE /* FontSystem.swift */,
				DC56ED3E24C68AE9004613CE /* ImageExtensions.swift */,
				DC56ED4224C68AE9004613CE /* NamedIdentifiedValue.swift */,
				DC56ED4524C68AEA004613CE /* NetworkingError.swift */,
				DC56ED4024C68AE9004613CE /* OperatingSystem.swift */,
				DC56ED4724C68AEA004613CE /* Publisher+Networking.swift */,
				DC56ED4124C68AE9004613CE /* Sink.swift */,
				DC56ED4424C68AE9004613CE /* TextFile.swift */,
				DC56ED4624C68AEA004613CE /* TextValidation.swift */,
			);
			path = Utilities;
			sourceTree = "<group>";
		};
		DC56ECFD24C68A1C004613CE /* 3. Undo Redo */ = {
			isa = PBXGroup;
			children = (
				DC56ECDA24C689FD004613CE /* UndoRedoExample_Screen.swift */,
				DC56ECD924C689FD004613CE /* UndoRedoExample_Evaluator.swift */,
				DC56ECCF24C689FC004613CE /* UndoRedoExample_Translator.swift */,
				DC56ED3124C68AA3004613CE /* Views */,
			);
			path = "3. Undo Redo";
			sourceTree = "<group>";
		};
		DC56ECFE24C68A34004613CE /* 2. Text Field */ = {
			isa = PBXGroup;
			children = (
				DC56ECCE24C689FC004613CE /* TextFieldExample_Screen.swift */,
				DC56ECD824C689FD004613CE /* TextFieldExample_ViewModel.swift */,
				DC56ED3224C68AAD004613CE /* Views */,
			);
			path = "2. Text Field";
			sourceTree = "<group>";
		};
		DC56ECFF24C68A4B004613CE /* Menu */ = {
			isa = PBXGroup;
			children = (
				DC56ECD724C689FC004613CE /* MenuScreen.swift */,
			);
			path = Menu;
			sourceTree = "<group>";
		};
		DC56ED0024C68A59004613CE /* 1. Observiing */ = {
			isa = PBXGroup;
			children = (
				DC56ECCB24C689FC004613CE /* ObservingExample_Screen.swift */,
				DC56ECCD24C689FC004613CE /* ObservingExample_ViewModel.swift */,
			);
			path = "1. Observiing";
			sourceTree = "<group>";
		};
		DC56ED0124C68A66004613CE /* 4. Passables */ = {
			isa = PBXGroup;
			children = (
				DC56ECD524C689FC004613CE /* PassablesExample_Screen.swift */,
				DC56ECCC24C689FC004613CE /* PassablesExample_ViewModel.swift */,
			);
			path = "4. Passables";
			sourceTree = "<group>";
		};
		DC56ED0224C68A76004613CE /* 6. Retail */ = {
			isa = PBXGroup;
			children = (
				DC56ECCA24C689FB004613CE /* RetailScreen.swift */,
				DC56ECD224C689FC004613CE /* RetailEvaluator.swift */,
				DC56ECD124C689FC004613CE /* RetailTranslator.swift */,
				DC56ECD424C689FC004613CE /* Retail-PageViewMaker.swift */,
				DC56ED0324C68A86004613CE /* Views */,
			);
			path = "6. Retail";
			sourceTree = "<group>";
		};
		DC56ED0324C68A86004613CE /* Views */ = {
			isa = PBXGroup;
			children = (
				DC56ED0F24C68A8E004613CE /* DismissReceiver.swift */,
				DC56ED0B24C68A8E004613CE /* DisplayableProductsView.swift */,
				DC56ED0824C68A8E004613CE /* DividerView.swift */,
				DC56ED0724C68A8E004613CE /* Fadeable.swift */,
				DC56ED1024C68A8E004613CE /* FeedbackView.swift */,
				DC56ED0D24C68A8E004613CE /* FoundNotFoundButtonsView.swift */,
				DC56ED1224C68A8F004613CE /* InstructionsView.swift */,
				DC56ED0424C68A8D004613CE /* KeyboardPadding.swift */,
				DC56ED1124C68A8F004613CE /* ObservingBottomButton.swift */,
				DC56ED0C24C68A8E004613CE /* ObservingPageView.swift */,
				DC56ED0924C68A8E004613CE /* OptionsView.swift */,
				DC56ED0624C68A8E004613CE /* ProductView.swift */,
				DC56ED0524C68A8E004613CE /* SelectableCapsuleButton.swift */,
				DC56ED0E24C68A8E004613CE /* SpaceView.swift */,
				DC56ED0A24C68A8E004613CE /* TitleView.swift */,
			);
			path = Views;
			sourceTree = "<group>";
		};
		DC56ED3124C68AA3004613CE /* Views */ = {
			isa = PBXGroup;
			children = (
				DC56ECD324C689FC004613CE /* CircleButton.swift */,
				DC56ECD024C689FC004613CE /* UndoRedoView.swift */,
			);
			path = Views;
			sourceTree = "<group>";
		};
		DC56ED3224C68AAD004613CE /* Views */ = {
			isa = PBXGroup;
			children = (
				DC56ECD624C689FC004613CE /* EvaluatingTextField.swift */,
			);
			path = Views;
			sourceTree = "<group>";
		};
		DC56ED3324C68AD0004613CE /* Presenters */ = {
			isa = PBXGroup;
			children = (
				DC56ED3424C68ADD004613CE /* AlertPresenter.swift */,
				DC74D4BC24C7653000E5D9A4 /* BezelPresenter.swift */,
				DC56ED3524C68ADD004613CE /* Presenter.swift */,
				DC56ED3624C68ADE004613CE /* PresenterWithPassedValue.swift */,
				DC74D4D624C81A9B00E5D9A4 /* BusyPresenter.swift */,
			);
			path = Presenters;
			sourceTree = "<group>";
		};
		DC56ED6424C68CA9004613CE /* Frameworks */ = {
			isa = PBXGroup;
			children = (
			);
			name = Frameworks;
			sourceTree = "<group>";
		};
		DC74D4BF24C80B4E00E5D9A4 /* 5. Login */ = {
			isa = PBXGroup;
			children = (
				DC74D4C024C80B8200E5D9A4 /* Login-Screen.swift */,
				DC74D4C124C80B8200E5D9A4 /* Login-Evaluator.swift */,
				DC74D4C524C80B8300E5D9A4 /* Login-Translator.swift */,
				DC74D4C324C80B8200E5D9A4 /* Login-Performer.swift */,
				DC74D4C424C80B8200E5D9A4 /* Login-Tests.swift */,
				DC74D4C224C80B8200E5D9A4 /* Login-MockPerformer.swift */,
				DC74D4D924C81B2E00E5D9A4 /* Views */,
			);
			path = "5. Login";
			sourceTree = "<group>";
		};
		DC74D4D924C81B2E00E5D9A4 /* Views */ = {
			isa = PBXGroup;
			children = (
				DC74D4DA24C81B4100E5D9A4 /* ValidatingTextField.swift */,
			);
			path = Views;
			sourceTree = "<group>";
		};
		DC74D4DD24C8E4A400E5D9A4 /* 7. Cards */ = {
			isa = PBXGroup;
			children = (
				DC74D4DE24C8E5CB00E5D9A4 /* CardsExample_Screen.swift */,
				DC74D4E124C8E5DA00E5D9A4 /* CardsExample_Evaluator.swift */,
				DC74D4E424C8E5E400E5D9A4 /* CardsExample_Translator.swift */,
				DC74D4E724C8EB3500E5D9A4 /* Views */,
			);
			path = "7. Cards";
			sourceTree = "<group>";
		};
		DC74D4E724C8EB3500E5D9A4 /* Views */ = {
			isa = PBXGroup;
			children = (
				DC74D4E824C8EB4600E5D9A4 /* CardDeck.swift */,
			);
			path = Views;
			sourceTree = "<group>";
		};
/* End PBXGroup section */

/* Begin PBXNativeTarget section */
		DC56EC5124C688A5004613CE /* SwiftUI Kickoff */ = {
			isa = PBXNativeTarget;
			buildConfigurationList = DC56EC7724C688A7004613CE /* Build configuration list for PBXNativeTarget "SwiftUI Kickoff" */;
			buildPhases = (
				DC56EC4E24C688A5004613CE /* Sources */,
				DC56EC4F24C688A5004613CE /* Frameworks */,
				DC56EC5024C688A5004613CE /* Resources */,
			);
			buildRules = (
			);
			dependencies = (
			);
			name = "SwiftUI Kickoff";
			packageProductDependencies = (
				DC56ECB124C688DB004613CE /* Poet */,
			);
			productName = "SwiftUI Kickoff";
			productReference = DC56EC5224C688A5004613CE /* SwiftUI Kickoff.app */;
			productType = "com.apple.product-type.application";
		};
		DC56EC6224C688A7004613CE /* SwiftUI KickoffTests */ = {
			isa = PBXNativeTarget;
			buildConfigurationList = DC56EC7A24C688A7004613CE /* Build configuration list for PBXNativeTarget "SwiftUI KickoffTests" */;
			buildPhases = (
				DC56EC5F24C688A7004613CE /* Sources */,
				DC56EC6024C688A7004613CE /* Frameworks */,
				DC56EC6124C688A7004613CE /* Resources */,
			);
			buildRules = (
			);
			dependencies = (
				DC56EC6524C688A7004613CE /* PBXTargetDependency */,
			);
			name = "SwiftUI KickoffTests";
			productName = "SwiftUI KickoffTests";
			productReference = DC56EC6324C688A7004613CE /* SwiftUI KickoffTests.xctest */;
			productType = "com.apple.product-type.bundle.unit-test";
		};
		DC56EC6D24C688A7004613CE /* SwiftUI KickoffUITests */ = {
			isa = PBXNativeTarget;
			buildConfigurationList = DC56EC7D24C688A7004613CE /* Build configuration list for PBXNativeTarget "SwiftUI KickoffUITests" */;
			buildPhases = (
				DC56EC6A24C688A7004613CE /* Sources */,
				DC56EC6B24C688A7004613CE /* Frameworks */,
				DC56EC6C24C688A7004613CE /* Resources */,
			);
			buildRules = (
			);
			dependencies = (
				DC56EC7024C688A7004613CE /* PBXTargetDependency */,
			);
			name = "SwiftUI KickoffUITests";
			productName = "SwiftUI KickoffUITests";
			productReference = DC56EC6E24C688A7004613CE /* SwiftUI KickoffUITests.xctest */;
			productType = "com.apple.product-type.bundle.ui-testing";
		};
		DC56EC8324C688BA004613CE /* SwiftUI Kickoff Mac */ = {
			isa = PBXNativeTarget;
			buildConfigurationList = DC56ECA724C688BB004613CE /* Build configuration list for PBXNativeTarget "SwiftUI Kickoff Mac" */;
			buildPhases = (
				DC56EC8024C688BA004613CE /* Sources */,
				DC56EC8124C688BA004613CE /* Frameworks */,
				DC56EC8224C688BA004613CE /* Resources */,
			);
			buildRules = (
			);
			dependencies = (
			);
			name = "SwiftUI Kickoff Mac";
			packageProductDependencies = (
				DC56ED6524C68CA9004613CE /* Poet */,
			);
			productName = "SwiftUI Kickoff Mac";
			productReference = DC56EC8424C688BA004613CE /* SwiftUI Kickoff Mac.app */;
			productType = "com.apple.product-type.application";
		};
		DC56EC9424C688BB004613CE /* SwiftUI Kickoff MacTests */ = {
			isa = PBXNativeTarget;
			buildConfigurationList = DC56ECAA24C688BB004613CE /* Build configuration list for PBXNativeTarget "SwiftUI Kickoff MacTests" */;
			buildPhases = (
				DC56EC9124C688BB004613CE /* Sources */,
				DC56EC9224C688BB004613CE /* Frameworks */,
				DC56EC9324C688BB004613CE /* Resources */,
			);
			buildRules = (
			);
			dependencies = (
				DC56EC9724C688BB004613CE /* PBXTargetDependency */,
			);
			name = "SwiftUI Kickoff MacTests";
			productName = "SwiftUI Kickoff MacTests";
			productReference = DC56EC9524C688BB004613CE /* SwiftUI Kickoff MacTests.xctest */;
			productType = "com.apple.product-type.bundle.unit-test";
		};
		DC56EC9F24C688BB004613CE /* SwiftUI Kickoff MacUITests */ = {
			isa = PBXNativeTarget;
			buildConfigurationList = DC56ECAD24C688BB004613CE /* Build configuration list for PBXNativeTarget "SwiftUI Kickoff MacUITests" */;
			buildPhases = (
				DC56EC9C24C688BB004613CE /* Sources */,
				DC56EC9D24C688BB004613CE /* Frameworks */,
				DC56EC9E24C688BB004613CE /* Resources */,
			);
			buildRules = (
			);
			dependencies = (
				DC56ECA224C688BB004613CE /* PBXTargetDependency */,
			);
			name = "SwiftUI Kickoff MacUITests";
			productName = "SwiftUI Kickoff MacUITests";
			productReference = DC56ECA024C688BB004613CE /* SwiftUI Kickoff MacUITests.xctest */;
			productType = "com.apple.product-type.bundle.ui-testing";
		};
/* End PBXNativeTarget section */

/* Begin PBXProject section */
		DC56EC4A24C688A5004613CE /* Project object */ = {
			isa = PBXProject;
			attributes = {
				LastSwiftUpdateCheck = 1200;
				LastUpgradeCheck = 1200;
				TargetAttributes = {
					DC56EC5124C688A5004613CE = {
						CreatedOnToolsVersion = 12.0;
					};
					DC56EC6224C688A7004613CE = {
						CreatedOnToolsVersion = 12.0;
						TestTargetID = DC56EC5124C688A5004613CE;
					};
					DC56EC6D24C688A7004613CE = {
						CreatedOnToolsVersion = 12.0;
						TestTargetID = DC56EC5124C688A5004613CE;
					};
					DC56EC8324C688BA004613CE = {
						CreatedOnToolsVersion = 12.0;
					};
					DC56EC9424C688BB004613CE = {
						CreatedOnToolsVersion = 12.0;
						TestTargetID = DC56EC8324C688BA004613CE;
					};
					DC56EC9F24C688BB004613CE = {
						CreatedOnToolsVersion = 12.0;
						TestTargetID = DC56EC8324C688BA004613CE;
					};
				};
			};
			buildConfigurationList = DC56EC4D24C688A5004613CE /* Build configuration list for PBXProject "SwiftUI Kickoff" */;
			compatibilityVersion = "Xcode 9.3";
			developmentRegion = en;
			hasScannedForEncodings = 0;
			knownRegions = (
				en,
				Base,
			);
			mainGroup = DC56EC4924C688A5004613CE;
			packageReferences = (
				DC56ECB024C688DB004613CE /* XCRemoteSwiftPackageReference "Poet" */,
			);
			productRefGroup = DC56EC5324C688A5004613CE /* Products */;
			projectDirPath = "";
			projectRoot = "";
			targets = (
				DC56EC5124C688A5004613CE /* SwiftUI Kickoff */,
				DC56EC6224C688A7004613CE /* SwiftUI KickoffTests */,
				DC56EC6D24C688A7004613CE /* SwiftUI KickoffUITests */,
				DC56EC8324C688BA004613CE /* SwiftUI Kickoff Mac */,
				DC56EC9424C688BB004613CE /* SwiftUI Kickoff MacTests */,
				DC56EC9F24C688BB004613CE /* SwiftUI Kickoff MacUITests */,
			);
		};
/* End PBXProject section */

/* Begin PBXResourcesBuildPhase section */
		DC56EC5024C688A5004613CE /* Resources */ = {
			isa = PBXResourcesBuildPhase;
			buildActionMask = 2147483647;
			files = (
				DC56EC5D24C688A7004613CE /* Preview Assets.xcassets in Resources */,
				DC56EC5A24C688A7004613CE /* Assets.xcassets in Resources */,
			);
			runOnlyForDeploymentPostprocessing = 0;
		};
		DC56EC6124C688A7004613CE /* Resources */ = {
			isa = PBXResourcesBuildPhase;
			buildActionMask = 2147483647;
			files = (
			);
			runOnlyForDeploymentPostprocessing = 0;
		};
		DC56EC6C24C688A7004613CE /* Resources */ = {
			isa = PBXResourcesBuildPhase;
			buildActionMask = 2147483647;
			files = (
			);
			runOnlyForDeploymentPostprocessing = 0;
		};
		DC56EC8224C688BA004613CE /* Resources */ = {
			isa = PBXResourcesBuildPhase;
			buildActionMask = 2147483647;
			files = (
				DC56EC8E24C688BB004613CE /* Preview Assets.xcassets in Resources */,
				DC56EC8B24C688BB004613CE /* Assets.xcassets in Resources */,
				DC56ECC624C68982004613CE /* Assets.xcassets in Resources */,
			);
			runOnlyForDeploymentPostprocessing = 0;
		};
		DC56EC9324C688BB004613CE /* Resources */ = {
			isa = PBXResourcesBuildPhase;
			buildActionMask = 2147483647;
			files = (
			);
			runOnlyForDeploymentPostprocessing = 0;
		};
		DC56EC9E24C688BB004613CE /* Resources */ = {
			isa = PBXResourcesBuildPhase;
			buildActionMask = 2147483647;
			files = (
			);
			runOnlyForDeploymentPostprocessing = 0;
		};
/* End PBXResourcesBuildPhase section */

/* Begin PBXSourcesBuildPhase section */
		DC56EC4E24C688A5004613CE /* Sources */ = {
			isa = PBXSourcesBuildPhase;
			buildActionMask = 2147483647;
			files = (
				DC56ED3B24C68ADE004613CE /* PresenterWithPassedValue.swift in Sources */,
				DC56ECFA24C68A03004613CE /* EvaluatingTextField.swift in Sources */,
				DC56ECF924C68A03004613CE /* MenuScreen.swift in Sources */,
				DC74D4BD24C7653000E5D9A4 /* BezelPresenter.swift in Sources */,
				DC56ED6024C68AEA004613CE /* Device.swift in Sources */,
				DC56ED3724C68ADE004613CE /* AlertPresenter.swift in Sources */,
				DC56ED2624C68A9C004613CE /* KeyboardPadding.swift in Sources */,
				DC56ED2A24C68A9C004613CE /* OptionsView.swift in Sources */,
				DC56ED2924C68A9C004613CE /* FoundNotFoundButtonsView.swift in Sources */,
				DC56ECF424C68A03004613CE /* Retail-PageViewMaker.swift in Sources */,
				DC56ECEE24C68A03004613CE /* TextFieldExample_ViewModel.swift in Sources */,
				DC56ECFB24C68A03004613CE /* PassablesExample_ViewModel.swift in Sources */,
				DC56ECF724C68A03004613CE /* ObservingExample_Screen.swift in Sources */,
				DC56ED2F24C68A9C004613CE /* DividerView.swift in Sources */,
				DC74D4D724C81A9B00E5D9A4 /* BusyPresenter.swift in Sources */,
				DC56ED2E24C68A9C004613CE /* InstructionsView.swift in Sources */,
				DC56ECFC24C68A03004613CE /* UndoRedoExample_Translator.swift in Sources */,
				DC56ECF824C68A03004613CE /* TextFieldExample_Screen.swift in Sources */,
				DC74D4DB24C81B4100E5D9A4 /* ValidatingTextField.swift in Sources */,
				DC56ECF524C68A03004613CE /* RetailTranslator.swift in Sources */,
				DC56ECF024C68A03004613CE /* UndoRedoExample_Screen.swift in Sources */,
				DC56ED2724C68A9C004613CE /* DismissReceiver.swift in Sources */,
				DC74D4E524C8E5E400E5D9A4 /* CardsExample_Translator.swift in Sources */,
				DC56ED5224C68AEA004613CE /* Sink.swift in Sources */,
				DC56ED2524C68A9C004613CE /* SelectableCapsuleButton.swift in Sources */,
				DC74D4DF24C8E5CB00E5D9A4 /* CardsExample_Screen.swift in Sources */,
				DC56ED3024C68A9C004613CE /* Fadeable.swift in Sources */,
				DC56ED2D24C68A9C004613CE /* ObservingPageView.swift in Sources */,
				DC56ED5024C68AEA004613CE /* OperatingSystem.swift in Sources */,
				DC74D4D124C80B8D00E5D9A4 /* Login-Performer.swift in Sources */,
				DC56ED3924C68ADE004613CE /* Presenter.swift in Sources */,
				DC56ED5C24C68AEA004613CE /* TextValidation.swift in Sources */,
				DC56ED2324C68A9C004613CE /* ObservingBottomButton.swift in Sources */,
				DC56ED5424C68AEA004613CE /* NamedIdentifiedValue.swift in Sources */,
				DC56ED5624C68AEA004613CE /* ArrayExtensions.swift in Sources */,
				DC56ED4A24C68AEA004613CE /* FontSystem.swift in Sources */,
				DC56ECF624C68A03004613CE /* UndoRedoView.swift in Sources */,
				DC56ED2C24C68A9C004613CE /* SpaceView.swift in Sources */,
				DC56ED5E24C68AEA004613CE /* Publisher+Networking.swift in Sources */,
				DC74D4CE24C80B8D00E5D9A4 /* Login-Translator.swift in Sources */,
				DC56ED4C24C68AEA004613CE /* ImageExtensions.swift in Sources */,
				DC56ECF224C68A03004613CE /* ObservingExample_ViewModel.swift in Sources */,
				DC74D4E924C8EB4600E5D9A4 /* CardDeck.swift in Sources */,
				DC56ED5824C68AEA004613CE /* TextFile.swift in Sources */,
				DC56ED6224C68AEA004613CE /* AfterWait.swift in Sources */,
				DC56ED5A24C68AEA004613CE /* NetworkingError.swift in Sources */,
				DC56ECEC24C68A03004613CE /* CircleButton.swift in Sources */,
				DC56EC5624C688A5004613CE /* SwiftUI_KickoffApp.swift in Sources */,
				DC56ECF324C68A03004613CE /* PassablesExample_Screen.swift in Sources */,
				DC56ED2B24C68A9C004613CE /* ProductView.swift in Sources */,
				DC56ECF124C68A03004613CE /* RetailEvaluator.swift in Sources */,
				DC56ECED24C68A03004613CE /* UndoRedoExample_Evaluator.swift in Sources */,
				DC56ED2824C68A9C004613CE /* FeedbackView.swift in Sources */,
				DC56ECBA24C6894A004613CE /* ActionEvaluating+Breadcrumbing.swift in Sources */,
				DC56ECBE24C6894A004613CE /* EvaluatorElement.swift in Sources */,
				DC56ECEF24C68A03004613CE /* RetailScreen.swift in Sources */,
				DC74D4E224C8E5DA00E5D9A4 /* CardsExample_Evaluator.swift in Sources */,
				DC56ECBC24C6894A004613CE /* NamedAction.swift in Sources */,
				DC74D4D024C80B8D00E5D9A4 /* Login-Evaluator.swift in Sources */,
				DC56ED2224C68A9C004613CE /* DisplayableProductsView.swift in Sources */,
				DC56ED2424C68A9C004613CE /* TitleView.swift in Sources */,
				DC74D4CD24C80B8D00E5D9A4 /* Login-Screen.swift in Sources */,
			);
			runOnlyForDeploymentPostprocessing = 0;
		};
		DC56EC5F24C688A7004613CE /* Sources */ = {
			isa = PBXSourcesBuildPhase;
			buildActionMask = 2147483647;
			files = (
				DC56EC6824C688A7004613CE /* SwiftUI_KickoffTests.swift in Sources */,
				DC74D4D324C813E500E5D9A4 /* Login-Tests.swift in Sources */,
				DC74D4D424C814B600E5D9A4 /* Login-MockPerformer.swift in Sources */,
			);
			runOnlyForDeploymentPostprocessing = 0;
		};
		DC56EC6A24C688A7004613CE /* Sources */ = {
			isa = PBXSourcesBuildPhase;
			buildActionMask = 2147483647;
			files = (
				DC56EC7324C688A7004613CE /* SwiftUI_KickoffUITests.swift in Sources */,
			);
			runOnlyForDeploymentPostprocessing = 0;
		};
		DC56EC8024C688BA004613CE /* Sources */ = {
			isa = PBXSourcesBuildPhase;
			buildActionMask = 2147483647;
			files = (
				DC56ECE724C68A02004613CE /* TextFieldExample_Screen.swift in Sources */,
				DC56ED1924C68A9B004613CE /* FeedbackView.swift in Sources */,
				DC56ED5324C68AEA004613CE /* Sink.swift in Sources */,
				DC56ED3C24C68ADE004613CE /* PresenterWithPassedValue.swift in Sources */,
				DC56ED2124C68A9B004613CE /* Fadeable.swift in Sources */,
				DC56ED1D24C68A9B004613CE /* SpaceView.swift in Sources */,
				DC56ED1624C68A9B004613CE /* SelectableCapsuleButton.swift in Sources */,
				DC56ED5124C68AEA004613CE /* OperatingSystem.swift in Sources */,
				DC56ECEA24C68A02004613CE /* PassablesExample_ViewModel.swift in Sources */,
				DC56ECE424C68A02004613CE /* RetailTranslator.swift in Sources */,
				DC56ECE824C68A02004613CE /* MenuScreen.swift in Sources */,
				DC56ED5D24C68AEA004613CE /* TextValidation.swift in Sources */,
				DC56ED1E24C68A9B004613CE /* ObservingPageView.swift in Sources */,
				DC74D4CA24C80B8C00E5D9A4 /* Login-Evaluator.swift in Sources */,
				DC56ED1724C68A9B004613CE /* KeyboardPadding.swift in Sources */,
				DC56ECDC24C68A02004613CE /* UndoRedoExample_Evaluator.swift in Sources */,
				DC56ED2024C68A9B004613CE /* DividerView.swift in Sources */,
				DC74D4C824C80B8C00E5D9A4 /* Login-Translator.swift in Sources */,
				DC56ED1C24C68A9B004613CE /* ProductView.swift in Sources */,
				DC56ED1F24C68A9B004613CE /* InstructionsView.swift in Sources */,
				DC56ECE624C68A02004613CE /* ObservingExample_Screen.swift in Sources */,
				DC56ED3824C68ADE004613CE /* AlertPresenter.swift in Sources */,
				DC56ED1424C68A9B004613CE /* ObservingBottomButton.swift in Sources */,
				DC56ECE324C68A02004613CE /* Retail-PageViewMaker.swift in Sources */,
				DC56EC8924C688BA004613CE /* ContentView.swift in Sources */,
				DC74D4DC24C81B4100E5D9A4 /* ValidatingTextField.swift in Sources */,
				DC56ED1B24C68A9B004613CE /* OptionsView.swift in Sources */,
				DC56ECE124C68A02004613CE /* ObservingExample_ViewModel.swift in Sources */,
				DC56ED1324C68A9B004613CE /* DisplayableProductsView.swift in Sources */,
				DC56ECBB24C6894A004613CE /* ActionEvaluating+Breadcrumbing.swift in Sources */,
				DC56EC8724C688BA004613CE /* SwiftUI_Kickoff_MacApp.swift in Sources */,
				DC56ECDF24C68A02004613CE /* UndoRedoExample_Screen.swift in Sources */,
				DC56ED1524C68A9B004613CE /* TitleView.swift in Sources */,
				DC74D4E324C8E5DA00E5D9A4 /* CardsExample_Evaluator.swift in Sources */,
				DC74D4E624C8E5E400E5D9A4 /* CardsExample_Translator.swift in Sources */,
				DC56ED1824C68A9B004613CE /* DismissReceiver.swift in Sources */,
				DC56ED5924C68AEA004613CE /* TextFile.swift in Sources */,
				DC56ECE524C68A02004613CE /* UndoRedoView.swift in Sources */,
				DC74D4E024C8E5CB00E5D9A4 /* CardsExample_Screen.swift in Sources */,
				DC74D4EA24C8EB4600E5D9A4 /* CardDeck.swift in Sources */,
				DC56ECDB24C68A02004613CE /* CircleButton.swift in Sources */,
				DC56ECEB24C68A02004613CE /* UndoRedoExample_Translator.swift in Sources */,
				DC56ECDE24C68A02004613CE /* RetailScreen.swift in Sources */,
				DC74D4C724C80B8C00E5D9A4 /* Login-Screen.swift in Sources */,
				DC56ED5724C68AEA004613CE /* ArrayExtensions.swift in Sources */,
				DC74D4CB24C80B8C00E5D9A4 /* Login-Performer.swift in Sources */,
				DC56ED6324C68AEA004613CE /* AfterWait.swift in Sources */,
				DC56ECE024C68A02004613CE /* RetailEvaluator.swift in Sources */,
				DC56ED4D24C68AEA004613CE /* ImageExtensions.swift in Sources */,
				DC56ED6124C68AEA004613CE /* Device.swift in Sources */,
				DC56ECBF24C6894A004613CE /* EvaluatorElement.swift in Sources */,
				DC56ED5F24C68AEA004613CE /* Publisher+Networking.swift in Sources */,
				DC56ECDD24C68A02004613CE /* TextFieldExample_ViewModel.swift in Sources */,
				DC56ECE924C68A02004613CE /* EvaluatingTextField.swift in Sources */,
				DC74D4D824C81AE500E5D9A4 /* BusyPresenter.swift in Sources */,
				DC56ECE224C68A02004613CE /* PassablesExample_Screen.swift in Sources */,
				DC56ED3A24C68ADE004613CE /* Presenter.swift in Sources */,
				DC56ED1A24C68A9B004613CE /* FoundNotFoundButtonsView.swift in Sources */,
				DC56ECBD24C6894A004613CE /* NamedAction.swift in Sources */,
				DC56ED5B24C68AEA004613CE /* NetworkingError.swift in Sources */,
				DC56ED4B24C68AEA004613CE /* FontSystem.swift in Sources */,
				DC74D4BE24C7653C00E5D9A4 /* BezelPresenter.swift in Sources */,
				DC56ED5524C68AEA004613CE /* NamedIdentifiedValue.swift in Sources */,
			);
			runOnlyForDeploymentPostprocessing = 0;
		};
		DC56EC9124C688BB004613CE /* Sources */ = {
			isa = PBXSourcesBuildPhase;
			buildActionMask = 2147483647;
			files = (
				DC56EC9A24C688BB004613CE /* SwiftUI_Kickoff_MacTests.swift in Sources */,
			);
			runOnlyForDeploymentPostprocessing = 0;
		};
		DC56EC9C24C688BB004613CE /* Sources */ = {
			isa = PBXSourcesBuildPhase;
			buildActionMask = 2147483647;
			files = (
				DC56ECA524C688BB004613CE /* SwiftUI_Kickoff_MacUITests.swift in Sources */,
			);
			runOnlyForDeploymentPostprocessing = 0;
		};
/* End PBXSourcesBuildPhase section */

/* Begin PBXTargetDependency section */
		DC56EC6524C688A7004613CE /* PBXTargetDependency */ = {
			isa = PBXTargetDependency;
			target = DC56EC5124C688A5004613CE /* SwiftUI Kickoff */;
			targetProxy = DC56EC6424C688A7004613CE /* PBXContainerItemProxy */;
		};
		DC56EC7024C688A7004613CE /* PBXTargetDependency */ = {
			isa = PBXTargetDependency;
			target = DC56EC5124C688A5004613CE /* SwiftUI Kickoff */;
			targetProxy = DC56EC6F24C688A7004613CE /* PBXContainerItemProxy */;
		};
		DC56EC9724C688BB004613CE /* PBXTargetDependency */ = {
			isa = PBXTargetDependency;
			target = DC56EC8324C688BA004613CE /* SwiftUI Kickoff Mac */;
			targetProxy = DC56EC9624C688BB004613CE /* PBXContainerItemProxy */;
		};
		DC56ECA224C688BB004613CE /* PBXTargetDependency */ = {
			isa = PBXTargetDependency;
			target = DC56EC8324C688BA004613CE /* SwiftUI Kickoff Mac */;
			targetProxy = DC56ECA124C688BB004613CE /* PBXContainerItemProxy */;
		};
/* End PBXTargetDependency section */

/* Begin XCBuildConfiguration section */
		DC56EC7524C688A7004613CE /* Debug */ = {
			isa = XCBuildConfiguration;
			buildSettings = {
				ALWAYS_SEARCH_USER_PATHS = NO;
				CLANG_ANALYZER_NONNULL = YES;
				CLANG_ANALYZER_NUMBER_OBJECT_CONVERSION = YES_AGGRESSIVE;
				CLANG_CXX_LANGUAGE_STANDARD = "gnu++14";
				CLANG_CXX_LIBRARY = "libc++";
				CLANG_ENABLE_MODULES = YES;
				CLANG_ENABLE_OBJC_ARC = YES;
				CLANG_ENABLE_OBJC_WEAK = YES;
				CLANG_WARN_BLOCK_CAPTURE_AUTORELEASING = YES;
				CLANG_WARN_BOOL_CONVERSION = YES;
				CLANG_WARN_COMMA = YES;
				CLANG_WARN_CONSTANT_CONVERSION = YES;
				CLANG_WARN_DEPRECATED_OBJC_IMPLEMENTATIONS = YES;
				CLANG_WARN_DIRECT_OBJC_ISA_USAGE = YES_ERROR;
				CLANG_WARN_DOCUMENTATION_COMMENTS = YES;
				CLANG_WARN_EMPTY_BODY = YES;
				CLANG_WARN_ENUM_CONVERSION = YES;
				CLANG_WARN_INFINITE_RECURSION = YES;
				CLANG_WARN_INT_CONVERSION = YES;
				CLANG_WARN_NON_LITERAL_NULL_CONVERSION = YES;
				CLANG_WARN_OBJC_IMPLICIT_RETAIN_SELF = YES;
				CLANG_WARN_OBJC_LITERAL_CONVERSION = YES;
				CLANG_WARN_OBJC_ROOT_CLASS = YES_ERROR;
				CLANG_WARN_QUOTED_INCLUDE_IN_FRAMEWORK_HEADER = YES;
				CLANG_WARN_RANGE_LOOP_ANALYSIS = YES;
				CLANG_WARN_STRICT_PROTOTYPES = YES;
				CLANG_WARN_SUSPICIOUS_MOVE = YES;
				CLANG_WARN_UNGUARDED_AVAILABILITY = YES_AGGRESSIVE;
				CLANG_WARN_UNREACHABLE_CODE = YES;
				CLANG_WARN__DUPLICATE_METHOD_MATCH = YES;
				COPY_PHASE_STRIP = NO;
				DEBUG_INFORMATION_FORMAT = dwarf;
				ENABLE_STRICT_OBJC_MSGSEND = YES;
				ENABLE_TESTABILITY = YES;
				GCC_C_LANGUAGE_STANDARD = gnu11;
				GCC_DYNAMIC_NO_PIC = NO;
				GCC_NO_COMMON_BLOCKS = YES;
				GCC_OPTIMIZATION_LEVEL = 0;
				GCC_PREPROCESSOR_DEFINITIONS = (
					"DEBUG=1",
					"$(inherited)",
				);
				GCC_WARN_64_TO_32_BIT_CONVERSION = YES;
				GCC_WARN_ABOUT_RETURN_TYPE = YES_ERROR;
				GCC_WARN_UNDECLARED_SELECTOR = YES;
				GCC_WARN_UNINITIALIZED_AUTOS = YES_AGGRESSIVE;
				GCC_WARN_UNUSED_FUNCTION = YES;
				GCC_WARN_UNUSED_VARIABLE = YES;
				IPHONEOS_DEPLOYMENT_TARGET = 14.0;
				MTL_ENABLE_DEBUG_INFO = INCLUDE_SOURCE;
				MTL_FAST_MATH = YES;
				ONLY_ACTIVE_ARCH = YES;
				SDKROOT = iphoneos;
				SWIFT_ACTIVE_COMPILATION_CONDITIONS = DEBUG;
				SWIFT_OPTIMIZATION_LEVEL = "-Onone";
			};
			name = Debug;
		};
		DC56EC7624C688A7004613CE /* Release */ = {
			isa = XCBuildConfiguration;
			buildSettings = {
				ALWAYS_SEARCH_USER_PATHS = NO;
				CLANG_ANALYZER_NONNULL = YES;
				CLANG_ANALYZER_NUMBER_OBJECT_CONVERSION = YES_AGGRESSIVE;
				CLANG_CXX_LANGUAGE_STANDARD = "gnu++14";
				CLANG_CXX_LIBRARY = "libc++";
				CLANG_ENABLE_MODULES = YES;
				CLANG_ENABLE_OBJC_ARC = YES;
				CLANG_ENABLE_OBJC_WEAK = YES;
				CLANG_WARN_BLOCK_CAPTURE_AUTORELEASING = YES;
				CLANG_WARN_BOOL_CONVERSION = YES;
				CLANG_WARN_COMMA = YES;
				CLANG_WARN_CONSTANT_CONVERSION = YES;
				CLANG_WARN_DEPRECATED_OBJC_IMPLEMENTATIONS = YES;
				CLANG_WARN_DIRECT_OBJC_ISA_USAGE = YES_ERROR;
				CLANG_WARN_DOCUMENTATION_COMMENTS = YES;
				CLANG_WARN_EMPTY_BODY = YES;
				CLANG_WARN_ENUM_CONVERSION = YES;
				CLANG_WARN_INFINITE_RECURSION = YES;
				CLANG_WARN_INT_CONVERSION = YES;
				CLANG_WARN_NON_LITERAL_NULL_CONVERSION = YES;
				CLANG_WARN_OBJC_IMPLICIT_RETAIN_SELF = YES;
				CLANG_WARN_OBJC_LITERAL_CONVERSION = YES;
				CLANG_WARN_OBJC_ROOT_CLASS = YES_ERROR;
				CLANG_WARN_QUOTED_INCLUDE_IN_FRAMEWORK_HEADER = YES;
				CLANG_WARN_RANGE_LOOP_ANALYSIS = YES;
				CLANG_WARN_STRICT_PROTOTYPES = YES;
				CLANG_WARN_SUSPICIOUS_MOVE = YES;
				CLANG_WARN_UNGUARDED_AVAILABILITY = YES_AGGRESSIVE;
				CLANG_WARN_UNREACHABLE_CODE = YES;
				CLANG_WARN__DUPLICATE_METHOD_MATCH = YES;
				COPY_PHASE_STRIP = NO;
				DEBUG_INFORMATION_FORMAT = "dwarf-with-dsym";
				ENABLE_NS_ASSERTIONS = NO;
				ENABLE_STRICT_OBJC_MSGSEND = YES;
				GCC_C_LANGUAGE_STANDARD = gnu11;
				GCC_NO_COMMON_BLOCKS = YES;
				GCC_WARN_64_TO_32_BIT_CONVERSION = YES;
				GCC_WARN_ABOUT_RETURN_TYPE = YES_ERROR;
				GCC_WARN_UNDECLARED_SELECTOR = YES;
				GCC_WARN_UNINITIALIZED_AUTOS = YES_AGGRESSIVE;
				GCC_WARN_UNUSED_FUNCTION = YES;
				GCC_WARN_UNUSED_VARIABLE = YES;
				IPHONEOS_DEPLOYMENT_TARGET = 14.0;
				MTL_ENABLE_DEBUG_INFO = NO;
				MTL_FAST_MATH = YES;
				SDKROOT = iphoneos;
				SWIFT_COMPILATION_MODE = wholemodule;
				SWIFT_OPTIMIZATION_LEVEL = "-O";
				VALIDATE_PRODUCT = YES;
			};
			name = Release;
		};
		DC56EC7824C688A7004613CE /* Debug */ = {
			isa = XCBuildConfiguration;
			buildSettings = {
				ASSETCATALOG_COMPILER_APPICON_NAME = AppIcon;
				ASSETCATALOG_COMPILER_GLOBAL_ACCENT_COLOR_NAME = AccentColor;
				CODE_SIGN_STYLE = Automatic;
				DEVELOPMENT_ASSET_PATHS = "\"SwiftUI Kickoff/Preview Content\"";
				DEVELOPMENT_TEAM = XBV79M6D9G;
				ENABLE_PREVIEWS = YES;
				INFOPLIST_FILE = "SwiftUI Kickoff/Info.plist";
				IPHONEOS_DEPLOYMENT_TARGET = 14.0;
				LD_RUNPATH_SEARCH_PATHS = (
					"$(inherited)",
					"@executable_path/Frameworks",
				);
				PRODUCT_BUNDLE_IDENTIFIER = "com.cotner.steve.SwiftUI-Kickoff";
				PRODUCT_NAME = "$(TARGET_NAME)";
				SWIFT_VERSION = 5.0;
				TARGETED_DEVICE_FAMILY = "1,2";
			};
			name = Debug;
		};
		DC56EC7924C688A7004613CE /* Release */ = {
			isa = XCBuildConfiguration;
			buildSettings = {
				ASSETCATALOG_COMPILER_APPICON_NAME = AppIcon;
				ASSETCATALOG_COMPILER_GLOBAL_ACCENT_COLOR_NAME = AccentColor;
				CODE_SIGN_STYLE = Automatic;
				DEVELOPMENT_ASSET_PATHS = "\"SwiftUI Kickoff/Preview Content\"";
				DEVELOPMENT_TEAM = XBV79M6D9G;
				ENABLE_PREVIEWS = YES;
				INFOPLIST_FILE = "SwiftUI Kickoff/Info.plist";
				IPHONEOS_DEPLOYMENT_TARGET = 14.0;
				LD_RUNPATH_SEARCH_PATHS = (
					"$(inherited)",
					"@executable_path/Frameworks",
				);
				PRODUCT_BUNDLE_IDENTIFIER = "com.cotner.steve.SwiftUI-Kickoff";
				PRODUCT_NAME = "$(TARGET_NAME)";
				SWIFT_VERSION = 5.0;
				TARGETED_DEVICE_FAMILY = "1,2";
			};
			name = Release;
		};
		DC56EC7B24C688A7004613CE /* Debug */ = {
			isa = XCBuildConfiguration;
			buildSettings = {
				ALWAYS_EMBED_SWIFT_STANDARD_LIBRARIES = YES;
				BUNDLE_LOADER = "$(TEST_HOST)";
				CODE_SIGN_STYLE = Automatic;
				DEVELOPMENT_TEAM = XBV79M6D9G;
				INFOPLIST_FILE = "SwiftUI KickoffTests/Info.plist";
				IPHONEOS_DEPLOYMENT_TARGET = 14.0;
				LD_RUNPATH_SEARCH_PATHS = (
					"$(inherited)",
					"@executable_path/Frameworks",
					"@loader_path/Frameworks",
				);
				PRODUCT_BUNDLE_IDENTIFIER = "com.cotner.steve.SwiftUI-KickoffTests";
				PRODUCT_NAME = "$(TARGET_NAME)";
				SWIFT_VERSION = 5.0;
				TARGETED_DEVICE_FAMILY = "1,2";
				TEST_HOST = "$(BUILT_PRODUCTS_DIR)/SwiftUI Kickoff.app/SwiftUI Kickoff";
			};
			name = Debug;
		};
		DC56EC7C24C688A7004613CE /* Release */ = {
			isa = XCBuildConfiguration;
			buildSettings = {
				ALWAYS_EMBED_SWIFT_STANDARD_LIBRARIES = YES;
				BUNDLE_LOADER = "$(TEST_HOST)";
				CODE_SIGN_STYLE = Automatic;
				DEVELOPMENT_TEAM = XBV79M6D9G;
				INFOPLIST_FILE = "SwiftUI KickoffTests/Info.plist";
				IPHONEOS_DEPLOYMENT_TARGET = 14.0;
				LD_RUNPATH_SEARCH_PATHS = (
					"$(inherited)",
					"@executable_path/Frameworks",
					"@loader_path/Frameworks",
				);
				PRODUCT_BUNDLE_IDENTIFIER = "com.cotner.steve.SwiftUI-KickoffTests";
				PRODUCT_NAME = "$(TARGET_NAME)";
				SWIFT_VERSION = 5.0;
				TARGETED_DEVICE_FAMILY = "1,2";
				TEST_HOST = "$(BUILT_PRODUCTS_DIR)/SwiftUI Kickoff.app/SwiftUI Kickoff";
			};
			name = Release;
		};
		DC56EC7E24C688A7004613CE /* Debug */ = {
			isa = XCBuildConfiguration;
			buildSettings = {
				ALWAYS_EMBED_SWIFT_STANDARD_LIBRARIES = YES;
				CODE_SIGN_STYLE = Automatic;
				DEVELOPMENT_TEAM = XBV79M6D9G;
				INFOPLIST_FILE = "SwiftUI KickoffUITests/Info.plist";
				LD_RUNPATH_SEARCH_PATHS = (
					"$(inherited)",
					"@executable_path/Frameworks",
					"@loader_path/Frameworks",
				);
				PRODUCT_BUNDLE_IDENTIFIER = "com.cotner.steve.SwiftUI-KickoffUITests";
				PRODUCT_NAME = "$(TARGET_NAME)";
				SWIFT_VERSION = 5.0;
				TARGETED_DEVICE_FAMILY = "1,2";
				TEST_TARGET_NAME = "SwiftUI Kickoff";
			};
			name = Debug;
		};
		DC56EC7F24C688A7004613CE /* Release */ = {
			isa = XCBuildConfiguration;
			buildSettings = {
				ALWAYS_EMBED_SWIFT_STANDARD_LIBRARIES = YES;
				CODE_SIGN_STYLE = Automatic;
				DEVELOPMENT_TEAM = XBV79M6D9G;
				INFOPLIST_FILE = "SwiftUI KickoffUITests/Info.plist";
				LD_RUNPATH_SEARCH_PATHS = (
					"$(inherited)",
					"@executable_path/Frameworks",
					"@loader_path/Frameworks",
				);
				PRODUCT_BUNDLE_IDENTIFIER = "com.cotner.steve.SwiftUI-KickoffUITests";
				PRODUCT_NAME = "$(TARGET_NAME)";
				SWIFT_VERSION = 5.0;
				TARGETED_DEVICE_FAMILY = "1,2";
				TEST_TARGET_NAME = "SwiftUI Kickoff";
			};
			name = Release;
		};
		DC56ECA824C688BB004613CE /* Debug */ = {
			isa = XCBuildConfiguration;
			buildSettings = {
				ASSETCATALOG_COMPILER_APPICON_NAME = AppIcon;
				ASSETCATALOG_COMPILER_GLOBAL_ACCENT_COLOR_NAME = AccentColor;
				CODE_SIGN_ENTITLEMENTS = "SwiftUI Kickoff Mac/SwiftUI_Kickoff_Mac.entitlements";
				CODE_SIGN_STYLE = Automatic;
				COMBINE_HIDPI_IMAGES = YES;
				DEVELOPMENT_ASSET_PATHS = "\"SwiftUI Kickoff Mac/Preview Content\"";
				DEVELOPMENT_TEAM = XBV79M6D9G;
				ENABLE_HARDENED_RUNTIME = YES;
				ENABLE_PREVIEWS = YES;
				INFOPLIST_FILE = "SwiftUI Kickoff Mac/Info.plist";
				LD_RUNPATH_SEARCH_PATHS = (
					"$(inherited)",
					"@executable_path/../Frameworks",
				);
				MACOSX_DEPLOYMENT_TARGET = 10.16;
				PRODUCT_BUNDLE_IDENTIFIER = "com.cotner.steve.SwiftUI-Kickoff-Mac";
				PRODUCT_NAME = "$(TARGET_NAME)";
				SDKROOT = macosx;
				SWIFT_VERSION = 5.0;
			};
			name = Debug;
		};
		DC56ECA924C688BB004613CE /* Release */ = {
			isa = XCBuildConfiguration;
			buildSettings = {
				ASSETCATALOG_COMPILER_APPICON_NAME = AppIcon;
				ASSETCATALOG_COMPILER_GLOBAL_ACCENT_COLOR_NAME = AccentColor;
				CODE_SIGN_ENTITLEMENTS = "SwiftUI Kickoff Mac/SwiftUI_Kickoff_Mac.entitlements";
				CODE_SIGN_STYLE = Automatic;
				COMBINE_HIDPI_IMAGES = YES;
				DEVELOPMENT_ASSET_PATHS = "\"SwiftUI Kickoff Mac/Preview Content\"";
				DEVELOPMENT_TEAM = XBV79M6D9G;
				ENABLE_HARDENED_RUNTIME = YES;
				ENABLE_PREVIEWS = YES;
				INFOPLIST_FILE = "SwiftUI Kickoff Mac/Info.plist";
				LD_RUNPATH_SEARCH_PATHS = (
					"$(inherited)",
					"@executable_path/../Frameworks",
				);
				MACOSX_DEPLOYMENT_TARGET = 10.16;
				PRODUCT_BUNDLE_IDENTIFIER = "com.cotner.steve.SwiftUI-Kickoff-Mac";
				PRODUCT_NAME = "$(TARGET_NAME)";
				SDKROOT = macosx;
				SWIFT_VERSION = 5.0;
			};
			name = Release;
		};
		DC56ECAB24C688BB004613CE /* Debug */ = {
			isa = XCBuildConfiguration;
			buildSettings = {
				ALWAYS_EMBED_SWIFT_STANDARD_LIBRARIES = YES;
				BUNDLE_LOADER = "$(TEST_HOST)";
				CODE_SIGN_STYLE = Automatic;
				COMBINE_HIDPI_IMAGES = YES;
				DEVELOPMENT_TEAM = XBV79M6D9G;
				INFOPLIST_FILE = "SwiftUI Kickoff MacTests/Info.plist";
				LD_RUNPATH_SEARCH_PATHS = (
					"$(inherited)",
					"@executable_path/../Frameworks",
					"@loader_path/../Frameworks",
				);
				MACOSX_DEPLOYMENT_TARGET = 10.16;
				PRODUCT_BUNDLE_IDENTIFIER = "com.cotner.steve.SwiftUI-Kickoff-MacTests";
				PRODUCT_NAME = "$(TARGET_NAME)";
				SDKROOT = macosx;
				SWIFT_VERSION = 5.0;
				TEST_HOST = "$(BUILT_PRODUCTS_DIR)/SwiftUI Kickoff Mac.app/Contents/MacOS/SwiftUI Kickoff Mac";
			};
			name = Debug;
		};
		DC56ECAC24C688BB004613CE /* Release */ = {
			isa = XCBuildConfiguration;
			buildSettings = {
				ALWAYS_EMBED_SWIFT_STANDARD_LIBRARIES = YES;
				BUNDLE_LOADER = "$(TEST_HOST)";
				CODE_SIGN_STYLE = Automatic;
				COMBINE_HIDPI_IMAGES = YES;
				DEVELOPMENT_TEAM = XBV79M6D9G;
				INFOPLIST_FILE = "SwiftUI Kickoff MacTests/Info.plist";
				LD_RUNPATH_SEARCH_PATHS = (
					"$(inherited)",
					"@executable_path/../Frameworks",
					"@loader_path/../Frameworks",
				);
				MACOSX_DEPLOYMENT_TARGET = 10.16;
				PRODUCT_BUNDLE_IDENTIFIER = "com.cotner.steve.SwiftUI-Kickoff-MacTests";
				PRODUCT_NAME = "$(TARGET_NAME)";
				SDKROOT = macosx;
				SWIFT_VERSION = 5.0;
				TEST_HOST = "$(BUILT_PRODUCTS_DIR)/SwiftUI Kickoff Mac.app/Contents/MacOS/SwiftUI Kickoff Mac";
			};
			name = Release;
		};
		DC56ECAE24C688BB004613CE /* Debug */ = {
			isa = XCBuildConfiguration;
			buildSettings = {
				ALWAYS_EMBED_SWIFT_STANDARD_LIBRARIES = YES;
				CODE_SIGN_STYLE = Automatic;
				COMBINE_HIDPI_IMAGES = YES;
				DEVELOPMENT_TEAM = XBV79M6D9G;
				INFOPLIST_FILE = "SwiftUI Kickoff MacUITests/Info.plist";
				LD_RUNPATH_SEARCH_PATHS = (
					"$(inherited)",
					"@executable_path/../Frameworks",
					"@loader_path/../Frameworks",
				);
				MACOSX_DEPLOYMENT_TARGET = 10.16;
				PRODUCT_BUNDLE_IDENTIFIER = "com.cotner.steve.SwiftUI-Kickoff-MacUITests";
				PRODUCT_NAME = "$(TARGET_NAME)";
				SDKROOT = macosx;
				SWIFT_VERSION = 5.0;
				TEST_TARGET_NAME = "SwiftUI Kickoff Mac";
			};
			name = Debug;
		};
		DC56ECAF24C688BB004613CE /* Release */ = {
			isa = XCBuildConfiguration;
			buildSettings = {
				ALWAYS_EMBED_SWIFT_STANDARD_LIBRARIES = YES;
				CODE_SIGN_STYLE = Automatic;
				COMBINE_HIDPI_IMAGES = YES;
				DEVELOPMENT_TEAM = XBV79M6D9G;
				INFOPLIST_FILE = "SwiftUI Kickoff MacUITests/Info.plist";
				LD_RUNPATH_SEARCH_PATHS = (
					"$(inherited)",
					"@executable_path/../Frameworks",
					"@loader_path/../Frameworks",
				);
				MACOSX_DEPLOYMENT_TARGET = 10.16;
				PRODUCT_BUNDLE_IDENTIFIER = "com.cotner.steve.SwiftUI-Kickoff-MacUITests";
				PRODUCT_NAME = "$(TARGET_NAME)";
				SDKROOT = macosx;
				SWIFT_VERSION = 5.0;
				TEST_TARGET_NAME = "SwiftUI Kickoff Mac";
			};
			name = Release;
		};
/* End XCBuildConfiguration section */

/* Begin XCConfigurationList section */
		DC56EC4D24C688A5004613CE /* Build configuration list for PBXProject "SwiftUI Kickoff" */ = {
			isa = XCConfigurationList;
			buildConfigurations = (
				DC56EC7524C688A7004613CE /* Debug */,
				DC56EC7624C688A7004613CE /* Release */,
			);
			defaultConfigurationIsVisible = 0;
			defaultConfigurationName = Release;
		};
		DC56EC7724C688A7004613CE /* Build configuration list for PBXNativeTarget "SwiftUI Kickoff" */ = {
			isa = XCConfigurationList;
			buildConfigurations = (
				DC56EC7824C688A7004613CE /* Debug */,
				DC56EC7924C688A7004613CE /* Release */,
			);
			defaultConfigurationIsVisible = 0;
			defaultConfigurationName = Release;
		};
		DC56EC7A24C688A7004613CE /* Build configuration list for PBXNativeTarget "SwiftUI KickoffTests" */ = {
			isa = XCConfigurationList;
			buildConfigurations = (
				DC56EC7B24C688A7004613CE /* Debug */,
				DC56EC7C24C688A7004613CE /* Release */,
			);
			defaultConfigurationIsVisible = 0;
			defaultConfigurationName = Release;
		};
		DC56EC7D24C688A7004613CE /* Build configuration list for PBXNativeTarget "SwiftUI KickoffUITests" */ = {
			isa = XCConfigurationList;
			buildConfigurations = (
				DC56EC7E24C688A7004613CE /* Debug */,
				DC56EC7F24C688A7004613CE /* Release */,
			);
			defaultConfigurationIsVisible = 0;
			defaultConfigurationName = Release;
		};
		DC56ECA724C688BB004613CE /* Build configuration list for PBXNativeTarget "SwiftUI Kickoff Mac" */ = {
			isa = XCConfigurationList;
			buildConfigurations = (
				DC56ECA824C688BB004613CE /* Debug */,
				DC56ECA924C688BB004613CE /* Release */,
			);
			defaultConfigurationIsVisible = 0;
			defaultConfigurationName = Release;
		};
		DC56ECAA24C688BB004613CE /* Build configuration list for PBXNativeTarget "SwiftUI Kickoff MacTests" */ = {
			isa = XCConfigurationList;
			buildConfigurations = (
				DC56ECAB24C688BB004613CE /* Debug */,
				DC56ECAC24C688BB004613CE /* Release */,
			);
			defaultConfigurationIsVisible = 0;
			defaultConfigurationName = Release;
		};
		DC56ECAD24C688BB004613CE /* Build configuration list for PBXNativeTarget "SwiftUI Kickoff MacUITests" */ = {
			isa = XCConfigurationList;
			buildConfigurations = (
				DC56ECAE24C688BB004613CE /* Debug */,
				DC56ECAF24C688BB004613CE /* Release */,
			);
			defaultConfigurationIsVisible = 0;
			defaultConfigurationName = Release;
		};
/* End XCConfigurationList section */

/* Begin XCRemoteSwiftPackageReference section */
		DC56ECB024C688DB004613CE /* XCRemoteSwiftPackageReference "Poet" */ = {
			isa = XCRemoteSwiftPackageReference;
			repositoryURL = "git@github.com:stevecotner/Poet.git";
			requirement = {
				kind = upToNextMajorVersion;
				minimumVersion = 0.0.0;
			};
		};
/* End XCRemoteSwiftPackageReference section */

/* Begin XCSwiftPackageProductDependency section */
		DC56ECB124C688DB004613CE /* Poet */ = {
			isa = XCSwiftPackageProductDependency;
			package = DC56ECB024C688DB004613CE /* XCRemoteSwiftPackageReference "Poet" */;
			productName = Poet;
		};
		DC56ED6524C68CA9004613CE /* Poet */ = {
			isa = XCSwiftPackageProductDependency;
			package = DC56ECB024C688DB004613CE /* XCRemoteSwiftPackageReference "Poet" */;
			productName = Poet;
		};
/* End XCSwiftPackageProductDependency section */
	};
	rootObject = DC56EC4A24C688A5004613CE /* Project object */;
}
